<?xml version="1.0" encoding="utf-8"?>
<Project ToolsVersion="4.0" xmlns="http://schemas.microsoft.com/developer/msbuild/2003">
  <ItemGroup>
    <Filter Include="ソース ファイル">
      <UniqueIdentifier>{4FC737F1-C7A5-4376-A066-2A32D752A2FF}</UniqueIdentifier>
      <Extensions>cpp;c;cc;cxx;c++;cppm;ixx;def;odl;idl;hpj;bat;asm;asmx</Extensions>
    </Filter>
    <Filter Include="ヘッダー ファイル">
      <UniqueIdentifier>{93995380-89BD-4b04-88EB-625FBE52EBFB}</UniqueIdentifier>
      <Extensions>h;hh;hpp;hxx;h++;hm;inl;inc;ipp;xsd</Extensions>
    </Filter>
    <Filter Include="リソース ファイル">
      <UniqueIdentifier>{67DA6AB6-F800-4c08-8B7A-83BB121AAD01}</UniqueIdentifier>
      <Extensions>rc;ico;cur;bmp;dlg;rc2;rct;bin;rgs;gif;jpg;jpeg;jpe;resx;tiff;tif;png;wav;mfcribbon-ms</Extensions>
    </Filter>
    <Filter Include="externals">
      <UniqueIdentifier>{9c521724-8bc2-4383-aa80-a36996f66c61}</UniqueIdentifier>
    </Filter>
    <Filter Include="externals\imgui">
      <UniqueIdentifier>{6fb3709c-1662-405e-8198-78dea3a8f979}</UniqueIdentifier>
    </Filter>
    <Filter Include="math">
      <UniqueIdentifier>{ff713ec6-2305-454e-843e-5d6f34e6ab69}</UniqueIdentifier>
    </Filter>
    <Filter Include="lib">
      <UniqueIdentifier>{6a7269a2-cf07-49de-bac5-5388bc0388aa}</UniqueIdentifier>
    </Filter>
    <Filter Include="engine">
      <UniqueIdentifier>{a991304f-c07b-454d-ab21-f29395527f05}</UniqueIdentifier>
    </Filter>
    <Filter Include="engine\directX12">
      <UniqueIdentifier>{3e39606d-75c6-4fe7-bee4-7752cf6ea69a}</UniqueIdentifier>
    </Filter>
    <Filter Include="engine\transform">
      <UniqueIdentifier>{72000354-a837-47c4-87f2-fe729811e5e7}</UniqueIdentifier>
    </Filter>
    <Filter Include="engine\camera">
      <UniqueIdentifier>{c8d05ca1-55dd-453e-9718-fe1d4d7069a8}</UniqueIdentifier>
    </Filter>
    <Filter Include="engine\material">
      <UniqueIdentifier>{6e2379a8-9076-4916-a5fa-c0496d47513d}</UniqueIdentifier>
    </Filter>
    <Filter Include="engine\io">
      <UniqueIdentifier>{fcfa2b58-225a-425c-b04f-0b58a45eabcc}</UniqueIdentifier>
    </Filter>
    <Filter Include="engine\render">
      <UniqueIdentifier>{80005e3a-f0ea-445b-b51e-a91fe7fdc44a}</UniqueIdentifier>
    </Filter>
    <Filter Include="engine\renderer">
      <UniqueIdentifier>{0939aea9-15e4-488c-9c79-a96d6175ddd0}</UniqueIdentifier>
    </Filter>
    <Filter Include="engine\renderer\2d">
      <UniqueIdentifier>{f4fef5a1-3ab9-4333-9541-b46a85c733af}</UniqueIdentifier>
    </Filter>
    <Filter Include="engine\renderer\3d">
      <UniqueIdentifier>{498db03d-27d9-4414-8167-5c49eef25f49}</UniqueIdentifier>
    </Filter>
    <Filter Include="engine\system">
      <UniqueIdentifier>{475dd824-e536-4b5a-9da4-0047a2d95124}</UniqueIdentifier>
    </Filter>
    <Filter Include="application">
      <UniqueIdentifier>{ddc34478-1e28-4cd6-b0b1-c58c3fea90dd}</UniqueIdentifier>
    </Filter>
    <Filter Include="engine\audio">
      <UniqueIdentifier>{fdc6676b-eeb9-4c8c-956a-7be9b9babcdb}</UniqueIdentifier>
    </Filter>
    <Filter Include="engine\model">
      <UniqueIdentifier>{126e9828-fbb4-4c66-baa1-1163adc733f6}</UniqueIdentifier>
    </Filter>
    <Filter Include="engine\material\texture">
      <UniqueIdentifier>{dec122a2-5d4f-4015-9ba4-a332a6be2392}</UniqueIdentifier>
    </Filter>
    <Filter Include="engine\material\light">
      <UniqueIdentifier>{700569cf-ede6-4ce5-837e-fe3ab075c1e3}</UniqueIdentifier>
    </Filter>
    <Filter Include="engine\particle">
      <UniqueIdentifier>{d37b4b19-0605-4c83-a496-e577128ace0e}</UniqueIdentifier>
    </Filter>
  </ItemGroup>
  <ItemGroup>
    <ClCompile Include="code\engine\directX12\DxCommand.cpp">
      <Filter>engine\directX12</Filter>
    </ClCompile>
    <ClCompile Include="code\engine\directX12\DxDebug.cpp">
      <Filter>engine\directX12</Filter>
    </ClCompile>
    <ClCompile Include="code\engine\directX12\DxDevice.cpp">
      <Filter>engine\directX12</Filter>
    </ClCompile>
    <ClCompile Include="code\engine\directX12\DxDsv.cpp">
      <Filter>engine\directX12</Filter>
    </ClCompile>
    <ClCompile Include="code\engine\directX12\DxFence.cpp">
      <Filter>engine\directX12</Filter>
    </ClCompile>
    <ClCompile Include="code\engine\directX12\DxFunctionHelper.cpp">
      <Filter>engine\directX12</Filter>
    </ClCompile>
    <ClCompile Include="code\engine\directX12\DxHeap.cpp">
      <Filter>engine\directX12</Filter>
    </ClCompile>
    <ClCompile Include="code\engine\directX12\DxResource.cpp">
      <Filter>engine\directX12</Filter>
    </ClCompile>
    <ClCompile Include="code\engine\directX12\DxRtvArray.cpp">
      <Filter>engine\directX12</Filter>
    </ClCompile>
    <ClCompile Include="code\engine\directX12\DxRtvArrayManager.cpp">
      <Filter>engine\directX12</Filter>
    </ClCompile>
    <ClCompile Include="code\engine\directX12\DxSrvArray.cpp">
      <Filter>engine\directX12</Filter>
    </ClCompile>
    <ClCompile Include="code\engine\directX12\DxSrvArrayManager.cpp">
      <Filter>engine\directX12</Filter>
    </ClCompile>
    <ClCompile Include="code\engine\directX12\DxSwapChain.cpp">
      <Filter>engine\directX12</Filter>
    </ClCompile>
    <ClCompile Include="code\engine\transform\CameraTransform.cpp">
      <Filter>engine\transform</Filter>
    </ClCompile>
    <ClCompile Include="code\engine\transform\Transform.cpp">
      <Filter>engine\transform</Filter>
    </ClCompile>
    <ClCompile Include="code\math\Matrix4x4.cpp">
      <Filter>math</Filter>
    </ClCompile>
    <ClCompile Include="code\engine\camera\debugCamera\DebugCamera.cpp">
      <Filter>engine\camera</Filter>
    </ClCompile>
    <ClCompile Include="code\engine\audio\Audio.cpp">
      <Filter>engine\audio</Filter>
    </ClCompile>
    <ClCompile Include="code\engine\material\Material.cpp">
      <Filter>engine\material</Filter>
    </ClCompile>
    <ClCompile Include="code\engine\input\Input.cpp">
      <Filter>engine\io</Filter>
    </ClCompile>
    <ClCompile Include="code\engine\directX12\ResourceBarrierManager.cpp">
      <Filter>engine\directX12</Filter>
    </ClCompile>
    <ClCompile Include="code\engine\directX12\ShaderManager.cpp">
      <Filter>engine\directX12</Filter>
    </ClCompile>
    <ClCompile Include="code\lib\globalVariables\GlobalVariables.cpp">
      <Filter>engine\io</Filter>
    </ClCompile>
    <ClCompile Include="code\engine\directX12\ShaderCompiler.cpp">
      <Filter>engine\directX12</Filter>
    </ClCompile>
    <ClCompile Include="code\lib\deltaTime\DeltaTime.cpp">
      <Filter>lib</Filter>
    </ClCompile>
    <ClCompile Include="code\lib\myFileSystem\MyFileSystem.cpp">
      <Filter>lib</Filter>
    </ClCompile>
    <ClCompile Include="code\lib\Thread\Thread.cpp">
      <Filter>lib</Filter>
    </ClCompile>
    <ClCompile Include="code\engine\sprite\Sprite.cpp">
      <Filter>engine\renderer\2d</Filter>
    </ClCompile>
    <ClCompile Include="code\engine\object3d\Object3d.cpp">
      <Filter>engine\renderer\3d</Filter>
    </ClCompile>
    <ClCompile Include="code\engine\directX12\PipelineStateObj.cpp">
      <Filter>engine\directX12</Filter>
    </ClCompile>
    <ClCompile Include="code\engine\sprite\SpriteCommon.cpp">
      <Filter>engine\render</Filter>
    </ClCompile>
    <ClCompile Include="code\engine\primitiveDrawer\PrimitiveDrawer.cpp">
      <Filter>engine\render</Filter>
    </ClCompile>
    <ClCompile Include="code\lib\logger\Logger.cpp">
      <Filter>engine\system</Filter>
    </ClCompile>
    <ClCompile Include="code\engine\Engine.cpp">
      <Filter>engine\system</Filter>
    </ClCompile>
    <ClCompile Include="code\lib\winApp\WinApp.cpp">
      <Filter>engine\system</Filter>
    </ClCompile>
    <ClCompile Include="code\main.cpp">
      <Filter>ソース ファイル</Filter>
    </ClCompile>
    <ClCompile Include="code\lib\imGuiManager\ImGuiManager.cpp">
      <Filter>lib</Filter>
    </ClCompile>
    <ClCompile Include="code\engine\directX12\Object3dMesh.cpp">
      <Filter>engine\directX12</Filter>
    </ClCompile>
    <ClCompile Include="code\engine\material\texture\TextureManager.cpp">
      <Filter>engine\material\texture</Filter>
    </ClCompile>
    <ClCompile Include="code\engine\model\ModelManager.cpp">
      <Filter>engine\model</Filter>
    </ClCompile>
    <ClCompile Include="code\engine\material\light\LightManager.cpp">
      <Filter>engine\material\light</Filter>
    </ClCompile>
    <ClCompile Include="code\engine\effect\particle\Particle.cpp">
      <Filter>engine\particle</Filter>
    </ClCompile>
    <ClCompile Include="code\engine\effect\particle\manager\ParticleManager.cpp">
      <Filter>engine\particle</Filter>
    </ClCompile>
    <ClCompile Include="code\engine\transform\ParticleTransform.cpp">
      <Filter>engine\transform</Filter>
    </ClCompile>
    <ClCompile Include="code\engine\effect\particle\emitter\Emitter.cpp">
      <Filter>engine\particle</Filter>
    </ClCompile>
    <ClCompile Include="code\engine\assets\IAsset.cpp">
      <Filter>ソース ファイル</Filter>
    </ClCompile>
    <ClCompile Include="code\application\scene\GameScene.cpp">
      <Filter>ソース ファイル</Filter>
    </ClCompile>
    <ClCompile Include="code\engine\directX12\RenderTexture.cpp">
      <Filter>ソース ファイル</Filter>
    </ClCompile>
    <ClCompile Include="code\engine\effect\particle\emitter\EmitterShape.cpp">
      <Filter>ソース ファイル</Filter>
    </ClCompile>
    <ClCompile Include="code\application\scene\IScene.cpp">
      <Filter>ソース ファイル</Filter>
    </ClCompile>
    <ClCompile Include="code\application\scene\SceneManager.cpp">
      <Filter>ソース ファイル</Filter>
    </ClCompile>
    <ClCompile Include="code\lib\node\OperatorNodes.cpp">
      <Filter>ソース ファイル</Filter>
    </ClCompile>
    <ClCompile Include="code\math\MyEasing.cpp">
      <Filter>ソース ファイル</Filter>
    </ClCompile>
    <ClCompile Include="code\application\MyGame.cpp">
      <Filter>ソース ファイル</Filter>
    </ClCompile>
    <ClCompile Include="code\application\FrameWork.cpp">
      <Filter>ソース ファイル</Filter>
    </ClCompile>
    <ClCompile Include="code\math\Quaternion.cpp">
      <Filter>ソース ファイル</Filter>
    </ClCompile>
    <ClCompile Include="code\lib\animationEditor\AnimationEditor.cpp">
      <Filter>ソース ファイル</Filter>
    </ClCompile>
    <ClCompile Include="code\engine\object3d\AnimationObject3d.cpp">
      <Filter>ソース ファイル</Filter>
    </ClCompile>
    <ClCompile Include="code\lib\animationEditor\Timeline.cpp">
      <Filter>ソース ファイル</Filter>
    </ClCompile>
    <ClCompile Include="code\engine\animation\Animation.cpp">
      <Filter>ソース ファイル</Filter>
    </ClCompile>
    <ClCompile Include="code\engine\animation\AnimationManager.cpp">
      <Filter>ソース ファイル</Filter>
    </ClCompile>
    <ClCompile Include="code\engine\camera\CameraManager.cpp">
      <Filter>ソース ファイル</Filter>
    </ClCompile>
    <ClCompile Include="code\engine\editor\EngineEditor.cpp">
      <Filter>ソース ファイル</Filter>
    </ClCompile>
    <ClCompile Include="code\application\scene\AnimationEditScene.cpp">
      <Filter>ソース ファイル</Filter>
    </ClCompile>
    <ClCompile Include="code\engine\camera\gameCamera\GameCamera.cpp">
      <Filter>ソース ファイル</Filter>
    </ClCompile>
    <ClCompile Include="code\application\scene\TitleScene.cpp">
      <Filter>ソース ファイル</Filter>
    </ClCompile>
    <ClCompile Include="code\application\scene\GameClearScene.cpp">
      <Filter>ソース ファイル</Filter>
    </ClCompile>
    <ClCompile Include="code\application\scene\EffectEditScene.cpp">
      <Filter>ソース ファイル</Filter>
    </ClCompile>
    <ClCompile Include="code\engine\effect\EffectGroup.cpp">
      <Filter>ソース ファイル</Filter>
    </ClCompile>
  </ItemGroup>
  <ItemGroup>
    <ClInclude Include="code\math\Vector2.h">
      <Filter>math</Filter>
    </ClInclude>
    <ClInclude Include="code\math\Vector3.h">
      <Filter>math</Filter>
    </ClInclude>
    <ClInclude Include="code\math\Vector4.h">
      <Filter>math</Filter>
    </ClInclude>
    <ClInclude Include="code\engine\directX12\DxCommand.h">
      <Filter>engine\directX12</Filter>
    </ClInclude>
    <ClInclude Include="code\engine\directX12\DxDebug.h">
      <Filter>engine\directX12</Filter>
    </ClInclude>
    <ClInclude Include="code\engine\directX12\DxDevice.h">
      <Filter>engine\directX12</Filter>
    </ClInclude>
    <ClInclude Include="code\engine\directX12\DxDsv.h">
      <Filter>engine\directX12</Filter>
    </ClInclude>
    <ClInclude Include="code\engine\directX12\DxFence.h">
      <Filter>engine\directX12</Filter>
    </ClInclude>
    <ClInclude Include="code\engine\directX12\DxFunctionHelper.h">
      <Filter>engine\directX12</Filter>
    </ClInclude>
    <ClInclude Include="code\engine\directX12\DxHeap.h">
      <Filter>engine\directX12</Filter>
    </ClInclude>
    <ClInclude Include="code\engine\directX12\DxResource.h">
      <Filter>engine\directX12</Filter>
    </ClInclude>
    <ClInclude Include="code\engine\directX12\DxRtvArray.h">
      <Filter>engine\directX12</Filter>
    </ClInclude>
    <ClInclude Include="code\engine\directX12\DxRtvArrayManager.h">
      <Filter>engine\directX12</Filter>
    </ClInclude>
    <ClInclude Include="code\engine\directX12\DxSrvArray.h">
      <Filter>engine\directX12</Filter>
    </ClInclude>
    <ClInclude Include="code\engine\directX12\DxSrvArrayManager.h">
      <Filter>engine\directX12</Filter>
    </ClInclude>
    <ClInclude Include="code\engine\directX12\DxSwapChain.h">
      <Filter>engine\directX12</Filter>
    </ClInclude>
    <ClInclude Include="code\engine\sprite\Sprite.h">
      <Filter>engine\renderer\2d</Filter>
    </ClInclude>
    <ClInclude Include="code\engine\object3d\Object3d.h">
      <Filter>engine\renderer\3d</Filter>
    </ClInclude>
    <ClInclude Include="code\engine\transform\CameraTransform.h">
      <Filter>engine\transform</Filter>
    </ClInclude>
    <ClInclude Include="code\engine\camera\debugCamera\DebugCamera.h">
      <Filter>engine\camera</Filter>
    </ClInclude>
    <ClInclude Include="code\lib\deltaTime\DeltaTime.h">
      <Filter>lib</Filter>
    </ClInclude>
    <ClInclude Include="code\lib\globalVariables\GlobalVariables.h">
      <Filter>engine\io</Filter>
    </ClInclude>
    <ClInclude Include="code\engine\directX12\IConstantBuffer.h">
      <Filter>engine\directX12</Filter>
    </ClInclude>
    <ClInclude Include="code\engine\input\Input.h">
      <Filter>engine\io</Filter>
    </ClInclude>
    <ClInclude Include="code\engine\directX12\IStructuredBuffer.h">
      <Filter>engine\directX12</Filter>
    </ClInclude>
    <ClInclude Include="code\engine\material\Material.h">
      <Filter>engine\material</Filter>
    </ClInclude>
    <ClInclude Include="code\math\Matrix4x4.h">
      <Filter>math</Filter>
    </ClInclude>
    <ClInclude Include="code\lib\myFileSystem\MyFileSystem.h">
      <Filter>lib</Filter>
    </ClInclude>
    <ClInclude Include="code\lib\Thread\Thread.h">
      <Filter>lib</Filter>
    </ClInclude>
    <ClInclude Include="code\engine\transform\Transform.h">
      <Filter>engine\transform</Filter>
    </ClInclude>
    <ClInclude Include="code\engine\directX12\ResourceBarrierManager.h">
      <Filter>engine\directX12</Filter>
    </ClInclude>
    <ClInclude Include="code\engine\directX12\PipelineStateObj.h">
      <Filter>engine\directX12</Filter>
    </ClInclude>
    <ClInclude Include="code\engine\primitiveDrawer\PrimitiveDrawer.h">
      <Filter>engine\render</Filter>
    </ClInclude>
    <ClInclude Include="code\engine\sprite\SpriteCommon.h">
      <Filter>engine\render</Filter>
    </ClInclude>
    <ClInclude Include="code\engine\directX12\ShaderCompiler.h">
      <Filter>engine\directX12</Filter>
    </ClInclude>
    <ClInclude Include="code\engine\directX12\ShaderManager.h">
      <Filter>engine\directX12</Filter>
    </ClInclude>
    <ClInclude Include="code\lib\logger\Logger.h">
      <Filter>engine\system</Filter>
    </ClInclude>
    <ClInclude Include="code\engine\Engine.h">
      <Filter>engine\system</Filter>
    </ClInclude>
    <ClInclude Include="code\lib\winApp\WinApp.h">
      <Filter>engine\system</Filter>
    </ClInclude>
    <ClInclude Include="code\lib\imGuiManager\ImGuiManager.h">
      <Filter>lib</Filter>
    </ClInclude>
    <ClInclude Include="code\engine\directX12\Object3dMesh.h">
      <Filter>engine\directX12</Filter>
    </ClInclude>
    <ClInclude Include="code\engine\material\texture\TextureManager.h">
      <Filter>engine\material\texture</Filter>
    </ClInclude>
    <ClInclude Include="code\engine\model\ModelManager.h">
      <Filter>engine\model</Filter>
    </ClInclude>
    <ClInclude Include="code\engine\material\light\DirectionalLight.h">
      <Filter>engine\material\light</Filter>
    </ClInclude>
    <ClInclude Include="code\engine\material\light\LightManager.h">
      <Filter>engine\material\light</Filter>
    </ClInclude>
    <ClInclude Include="code\engine\material\light\PointLight.h">
      <Filter>engine\material\light</Filter>
    </ClInclude>
    <ClInclude Include="code\engine\material\light\SpotLight.h">
      <Filter>engine\material\light</Filter>
    </ClInclude>
    <ClInclude Include="code\engine\model\Model.h">
      <Filter>ヘッダー ファイル</Filter>
    </ClInclude>
    <ClInclude Include="code\engine\effect\particle\Particle.h">
      <Filter>engine\particle</Filter>
    </ClInclude>
    <ClInclude Include="code\engine\effect\particle\manager\ParticleManager.h">
      <Filter>engine\particle</Filter>
    </ClInclude>
    <ClInclude Include="code\engine\transform\ParticleTransform.h">
      <Filter>engine\transform</Filter>
    </ClInclude>
    <ClInclude Include="code\engine\effect\particle\emitter\Emitter.h">
      <Filter>engine\particle</Filter>
    </ClInclude>
    <ClInclude Include="code\engine\model\Model.h">
      <Filter>engine\model</Filter>
    </ClInclude>
    <ClInclude Include="code\engine\audio\Audio.h">
      <Filter>ヘッダー ファイル</Filter>
    </ClInclude>
    <ClInclude Include="code\engine\module\IModule.h">
      <Filter>ヘッダー ファイル</Filter>
    </ClInclude>
    <ClInclude Include="code\engine\assets\IAsset.h">
      <Filter>ヘッダー ファイル</Filter>
    </ClInclude>
    <ClInclude Include="code\application\scene\GameScene.h">
      <Filter>ヘッダー ファイル</Filter>
    </ClInclude>
    <ClInclude Include="code\engine\directX12\RenderTexture.h">
      <Filter>ヘッダー ファイル</Filter>
    </ClInclude>
    <ClInclude Include="code\lib\myRandom\MyRandom.h">
      <Filter>ヘッダー ファイル</Filter>
    </ClInclude>
    <ClInclude Include="code\engine\effect\particle\emitter\EmitterShape.h">
      <Filter>ヘッダー ファイル</Filter>
    </ClInclude>
    <ClInclude Include="code\application\scene\IScene.h">
      <Filter>ヘッダー ファイル</Filter>
    </ClInclude>
    <ClInclude Include="code\application\scene\SceneManager.h">
      <Filter>ヘッダー ファイル</Filter>
    </ClInclude>
    <ClInclude Include="code\lib\globalVariables\SerializedField.h">
      <Filter>ヘッダー ファイル</Filter>
    </ClInclude>
    <ClInclude Include="code\lib\node\DefaultNodes.h">
      <Filter>ヘッダー ファイル</Filter>
    </ClInclude>
    <ClInclude Include="code\lib\node\OperatorNodes.h">
      <Filter>ヘッダー ファイル</Filter>
    </ClInclude>
    <ClInclude Include="externals\assimp\include\assimp\Compiler\poppack1.h">
      <Filter>ヘッダー ファイル</Filter>
    </ClInclude>
    <ClInclude Include="externals\assimp\include\assimp\Compiler\pstdint.h">
      <Filter>ヘッダー ファイル</Filter>
    </ClInclude>
    <ClInclude Include="externals\assimp\include\assimp\Compiler\pushpack1.h">
      <Filter>ヘッダー ファイル</Filter>
    </ClInclude>
    <ClInclude Include="externals\assimp\include\assimp\port\AndroidJNI\AndroidJNIIOSystem.h">
      <Filter>ヘッダー ファイル</Filter>
    </ClInclude>
    <ClInclude Include="externals\assimp\include\assimp\port\AndroidJNI\BundledAssetIOSystem.h">
      <Filter>ヘッダー ファイル</Filter>
    </ClInclude>
    <ClInclude Include="externals\assimp\include\assimp\aabb.h">
      <Filter>ヘッダー ファイル</Filter>
    </ClInclude>
    <ClInclude Include="externals\assimp\include\assimp\ai_assert.h">
      <Filter>ヘッダー ファイル</Filter>
    </ClInclude>
    <ClInclude Include="externals\assimp\include\assimp\anim.h">
      <Filter>ヘッダー ファイル</Filter>
    </ClInclude>
    <ClInclude Include="externals\assimp\include\assimp\AssertHandler.h">
      <Filter>ヘッダー ファイル</Filter>
    </ClInclude>
    <ClInclude Include="externals\assimp\include\assimp\Base64.hpp">
      <Filter>ヘッダー ファイル</Filter>
    </ClInclude>
    <ClInclude Include="externals\assimp\include\assimp\BaseImporter.h">
      <Filter>ヘッダー ファイル</Filter>
    </ClInclude>
    <ClInclude Include="externals\assimp\include\assimp\Bitmap.h">
      <Filter>ヘッダー ファイル</Filter>
    </ClInclude>
    <ClInclude Include="externals\assimp\include\assimp\BlobIOSystem.h">
      <Filter>ヘッダー ファイル</Filter>
    </ClInclude>
    <ClInclude Include="externals\assimp\include\assimp\ByteSwapper.h">
      <Filter>ヘッダー ファイル</Filter>
    </ClInclude>
    <ClInclude Include="externals\assimp\include\assimp\camera.h">
      <Filter>ヘッダー ファイル</Filter>
    </ClInclude>
    <ClInclude Include="externals\assimp\include\assimp\cexport.h">
      <Filter>ヘッダー ファイル</Filter>
    </ClInclude>
    <ClInclude Include="externals\assimp\include\assimp\cfileio.h">
      <Filter>ヘッダー ファイル</Filter>
    </ClInclude>
    <ClInclude Include="externals\assimp\include\assimp\cimport.h">
      <Filter>ヘッダー ファイル</Filter>
    </ClInclude>
    <ClInclude Include="externals\assimp\include\assimp\ColladaMetaData.h">
      <Filter>ヘッダー ファイル</Filter>
    </ClInclude>
    <ClInclude Include="externals\assimp\include\assimp\color4.h">
      <Filter>ヘッダー ファイル</Filter>
    </ClInclude>
    <ClInclude Include="externals\assimp\include\assimp\commonMetaData.h">
      <Filter>ヘッダー ファイル</Filter>
    </ClInclude>
    <ClInclude Include="externals\assimp\include\assimp\config.h">
      <Filter>ヘッダー ファイル</Filter>
    </ClInclude>
    <ClInclude Include="externals\assimp\include\assimp\CreateAnimMesh.h">
      <Filter>ヘッダー ファイル</Filter>
    </ClInclude>
    <ClInclude Include="externals\assimp\include\assimp\DefaultIOStream.h">
      <Filter>ヘッダー ファイル</Filter>
    </ClInclude>
    <ClInclude Include="externals\assimp\include\assimp\DefaultIOSystem.h">
      <Filter>ヘッダー ファイル</Filter>
    </ClInclude>
    <ClInclude Include="externals\assimp\include\assimp\DefaultLogger.hpp">
      <Filter>ヘッダー ファイル</Filter>
    </ClInclude>
    <ClInclude Include="externals\assimp\include\assimp\defs.h">
      <Filter>ヘッダー ファイル</Filter>
    </ClInclude>
    <ClInclude Include="externals\assimp\include\assimp\Exceptional.h">
      <Filter>ヘッダー ファイル</Filter>
    </ClInclude>
    <ClInclude Include="externals\assimp\include\assimp\Exporter.hpp">
      <Filter>ヘッダー ファイル</Filter>
    </ClInclude>
    <ClInclude Include="externals\assimp\include\assimp\fast_atof.h">
      <Filter>ヘッダー ファイル</Filter>
    </ClInclude>
    <ClInclude Include="externals\assimp\include\assimp\GenericProperty.h">
      <Filter>ヘッダー ファイル</Filter>
    </ClInclude>
    <ClInclude Include="externals\assimp\include\assimp\GltfMaterial.h">
      <Filter>ヘッダー ファイル</Filter>
    </ClInclude>
    <ClInclude Include="externals\assimp\include\assimp\Hash.h">
      <Filter>ヘッダー ファイル</Filter>
    </ClInclude>
    <ClInclude Include="externals\assimp\include\assimp\Importer.hpp">
      <Filter>ヘッダー ファイル</Filter>
    </ClInclude>
    <ClInclude Include="externals\assimp\include\assimp\importerdesc.h">
      <Filter>ヘッダー ファイル</Filter>
    </ClInclude>
    <ClInclude Include="externals\assimp\include\assimp\IOStream.hpp">
      <Filter>ヘッダー ファイル</Filter>
    </ClInclude>
    <ClInclude Include="externals\assimp\include\assimp\IOStreamBuffer.h">
      <Filter>ヘッダー ファイル</Filter>
    </ClInclude>
    <ClInclude Include="externals\assimp\include\assimp\IOSystem.hpp">
      <Filter>ヘッダー ファイル</Filter>
    </ClInclude>
    <ClInclude Include="externals\assimp\include\assimp\light.h">
      <Filter>ヘッダー ファイル</Filter>
    </ClInclude>
    <ClInclude Include="externals\assimp\include\assimp\LineSplitter.h">
      <Filter>ヘッダー ファイル</Filter>
    </ClInclude>
    <ClInclude Include="externals\assimp\include\assimp\LogAux.h">
      <Filter>ヘッダー ファイル</Filter>
    </ClInclude>
    <ClInclude Include="externals\assimp\include\assimp\Logger.hpp">
      <Filter>ヘッダー ファイル</Filter>
    </ClInclude>
    <ClInclude Include="externals\assimp\include\assimp\LogStream.hpp">
      <Filter>ヘッダー ファイル</Filter>
    </ClInclude>
    <ClInclude Include="externals\assimp\include\assimp\material.h">
      <Filter>ヘッダー ファイル</Filter>
    </ClInclude>
    <ClInclude Include="externals\assimp\include\assimp\MathFunctions.h">
      <Filter>ヘッダー ファイル</Filter>
    </ClInclude>
    <ClInclude Include="externals\assimp\include\assimp\matrix3x3.h">
      <Filter>ヘッダー ファイル</Filter>
    </ClInclude>
    <ClInclude Include="externals\assimp\include\assimp\matrix4x4.h">
      <Filter>ヘッダー ファイル</Filter>
    </ClInclude>
    <ClInclude Include="externals\assimp\include\assimp\MemoryIOWrapper.h">
      <Filter>ヘッダー ファイル</Filter>
    </ClInclude>
    <ClInclude Include="externals\assimp\include\assimp\mesh.h">
      <Filter>ヘッダー ファイル</Filter>
    </ClInclude>
    <ClInclude Include="externals\assimp\include\assimp\metadata.h">
      <Filter>ヘッダー ファイル</Filter>
    </ClInclude>
    <ClInclude Include="externals\assimp\include\assimp\NullLogger.hpp">
      <Filter>ヘッダー ファイル</Filter>
    </ClInclude>
    <ClInclude Include="externals\assimp\include\assimp\ObjMaterial.h">
      <Filter>ヘッダー ファイル</Filter>
    </ClInclude>
    <ClInclude Include="externals\assimp\include\assimp\ParsingUtils.h">
      <Filter>ヘッダー ファイル</Filter>
    </ClInclude>
    <ClInclude Include="externals\assimp\include\assimp\pbrmaterial.h">
      <Filter>ヘッダー ファイル</Filter>
    </ClInclude>
    <ClInclude Include="externals\assimp\include\assimp\postprocess.h">
      <Filter>ヘッダー ファイル</Filter>
    </ClInclude>
    <ClInclude Include="externals\assimp\include\assimp\Profiler.h">
      <Filter>ヘッダー ファイル</Filter>
    </ClInclude>
    <ClInclude Include="externals\assimp\include\assimp\ProgressHandler.hpp">
      <Filter>ヘッダー ファイル</Filter>
    </ClInclude>
    <ClInclude Include="externals\assimp\include\assimp\qnan.h">
      <Filter>ヘッダー ファイル</Filter>
    </ClInclude>
    <ClInclude Include="externals\assimp\include\assimp\quaternion.h">
      <Filter>ヘッダー ファイル</Filter>
    </ClInclude>
    <ClInclude Include="externals\assimp\include\assimp\RemoveComments.h">
      <Filter>ヘッダー ファイル</Filter>
    </ClInclude>
    <ClInclude Include="externals\assimp\include\assimp\scene.h">
      <Filter>ヘッダー ファイル</Filter>
    </ClInclude>
    <ClInclude Include="externals\assimp\include\assimp\SceneCombiner.h">
      <Filter>ヘッダー ファイル</Filter>
    </ClInclude>
    <ClInclude Include="externals\assimp\include\assimp\SGSpatialSort.h">
      <Filter>ヘッダー ファイル</Filter>
    </ClInclude>
    <ClInclude Include="externals\assimp\include\assimp\SkeletonMeshBuilder.h">
      <Filter>ヘッダー ファイル</Filter>
    </ClInclude>
    <ClInclude Include="externals\assimp\include\assimp\SmallVector.h">
      <Filter>ヘッダー ファイル</Filter>
    </ClInclude>
    <ClInclude Include="externals\assimp\include\assimp\SmoothingGroups.h">
      <Filter>ヘッダー ファイル</Filter>
    </ClInclude>
    <ClInclude Include="externals\assimp\include\assimp\SpatialSort.h">
      <Filter>ヘッダー ファイル</Filter>
    </ClInclude>
    <ClInclude Include="externals\assimp\include\assimp\StandardShapes.h">
      <Filter>ヘッダー ファイル</Filter>
    </ClInclude>
    <ClInclude Include="externals\assimp\include\assimp\StreamReader.h">
      <Filter>ヘッダー ファイル</Filter>
    </ClInclude>
    <ClInclude Include="externals\assimp\include\assimp\StreamWriter.h">
      <Filter>ヘッダー ファイル</Filter>
    </ClInclude>
    <ClInclude Include="externals\assimp\include\assimp\StringComparison.h">
      <Filter>ヘッダー ファイル</Filter>
    </ClInclude>
    <ClInclude Include="externals\assimp\include\assimp\StringUtils.h">
      <Filter>ヘッダー ファイル</Filter>
    </ClInclude>
    <ClInclude Include="externals\assimp\include\assimp\Subdivision.h">
      <Filter>ヘッダー ファイル</Filter>
    </ClInclude>
    <ClInclude Include="externals\assimp\include\assimp\texture.h">
      <Filter>ヘッダー ファイル</Filter>
    </ClInclude>
    <ClInclude Include="externals\assimp\include\assimp\TinyFormatter.h">
      <Filter>ヘッダー ファイル</Filter>
    </ClInclude>
    <ClInclude Include="externals\assimp\include\assimp\types.h">
      <Filter>ヘッダー ファイル</Filter>
    </ClInclude>
    <ClInclude Include="externals\assimp\include\assimp\vector2.h">
      <Filter>ヘッダー ファイル</Filter>
    </ClInclude>
    <ClInclude Include="externals\assimp\include\assimp\vector3.h">
      <Filter>ヘッダー ファイル</Filter>
    </ClInclude>
    <ClInclude Include="externals\assimp\include\assimp\version.h">
      <Filter>ヘッダー ファイル</Filter>
    </ClInclude>
    <ClInclude Include="externals\assimp\include\assimp\Vertex.h">
      <Filter>ヘッダー ファイル</Filter>
    </ClInclude>
    <ClInclude Include="externals\assimp\include\assimp\XmlParser.h">
      <Filter>ヘッダー ファイル</Filter>
    </ClInclude>
    <ClInclude Include="externals\assimp\include\assimp\XMLTools.h">
      <Filter>ヘッダー ファイル</Filter>
    </ClInclude>
    <ClInclude Include="externals\assimp\include\assimp\ZipArchiveIOSystem.h">
      <Filter>ヘッダー ファイル</Filter>
    </ClInclude>
    <ClInclude Include="externals\nlohmann\json.hpp">
      <Filter>ヘッダー ファイル</Filter>
    </ClInclude>
    <ClInclude Include="externals\nlohmann\json_fwd.hpp">
      <Filter>ヘッダー ファイル</Filter>
    </ClInclude>
    <ClInclude Include="code\math\MyEasing.h">
      <Filter>ヘッダー ファイル</Filter>
    </ClInclude>
    <ClInclude Include="code\application\MyGame.h">
      <Filter>ヘッダー ファイル</Filter>
    </ClInclude>
    <ClInclude Include="code\application\FrameWork.h">
      <Filter>ヘッダー ファイル</Filter>
    </ClInclude>
    <ClInclude Include="code\math\Quaternion.h">
      <Filter>ヘッダー ファイル</Filter>
    </ClInclude>
    <ClInclude Include="code\lib\animationEditor\AnimationEditor.h">
      <Filter>ヘッダー ファイル</Filter>
    </ClInclude>
    <ClInclude Include="code\engine\object3d\AnimationObject3d.h">
      <Filter>ヘッダー ファイル</Filter>
    </ClInclude>
    <ClInclude Include="code\lib\animationEditor\Timeline.h">
      <Filter>ヘッダー ファイル</Filter>
    </ClInclude>
    <ClInclude Include="code\engine\animation\Animation.h">
      <Filter>ヘッダー ファイル</Filter>
    </ClInclude>
    <ClInclude Include="code\engine\animation\AnimationManager.h">
      <Filter>ヘッダー ファイル</Filter>
    </ClInclude>
    <ClInclude Include="code\engine\camera\CameraManager.h">
      <Filter>ヘッダー ファイル</Filter>
    </ClInclude>
    <ClInclude Include="code\engine\module\editor\IEditor.h">
      <Filter>ヘッダー ファイル</Filter>
    </ClInclude>
    <ClInclude Include="code\engine\editor\EngineEditor.h">
      <Filter>ヘッダー ファイル</Filter>
    </ClInclude>
    <ClInclude Include="code\application\scene\AnimationEditScene.h">
      <Filter>ヘッダー ファイル</Filter>
    </ClInclude>
    <ClInclude Include="code\engine\camera\gameCamera\GameCamera.h">
      <Filter>ヘッダー ファイル</Filter>
    </ClInclude>
    <ClInclude Include="code\application\scene\TitleScene.h">
      <Filter>ヘッダー ファイル</Filter>
    </ClInclude>
    <ClInclude Include="code\application\scene\GameClearScene.h">
      <Filter>ヘッダー ファイル</Filter>
    </ClInclude>
    <ClInclude Include="code\math\Vector.h">
      <Filter>ヘッダー ファイル</Filter>
    </ClInclude>
    <ClInclude Include="code\application\scene\EffectEditScene.h">
      <Filter>ヘッダー ファイル</Filter>
    </ClInclude>
    <ClInclude Include="code\engine\effect\EffectGroup.h">
      <Filter>ヘッダー ファイル</Filter>
    </ClInclude>
  </ItemGroup>
  <ItemGroup>
    <None Include="externals\assimp\include\assimp\color4.inl">
      <Filter>ヘッダー ファイル</Filter>
    </None>
    <None Include="externals\assimp\include\assimp\material.inl">
      <Filter>ヘッダー ファイル</Filter>
    </None>
    <None Include="externals\assimp\include\assimp\matrix3x3.inl">
      <Filter>ヘッダー ファイル</Filter>
    </None>
    <None Include="externals\assimp\include\assimp\matrix4x4.inl">
      <Filter>ヘッダー ファイル</Filter>
    </None>
    <None Include="externals\assimp\include\assimp\quaternion.inl">
      <Filter>ヘッダー ファイル</Filter>
    </None>
    <None Include="externals\assimp\include\assimp\SmoothingGroups.inl">
      <Filter>ヘッダー ファイル</Filter>
    </None>
    <None Include="externals\assimp\include\assimp\vector2.inl">
      <Filter>ヘッダー ファイル</Filter>
    </None>
    <None Include="externals\assimp\include\assimp\vector3.inl">
      <Filter>ヘッダー ファイル</Filter>
    </None>
  </ItemGroup>
</Project>