<?xml version="1.0" encoding="utf-8"?>
<Project ToolsVersion="4.0" xmlns="http://schemas.microsoft.com/developer/msbuild/2003">
  <ItemGroup>
    <Filter Include="editor">
      <UniqueIdentifier>{AC2EC5FA-98D0-EFD0-818B-03256DCC7621}</UniqueIdentifier>
    </Filter>
    <Filter Include="editor\sceneEditor">
      <UniqueIdentifier>{705D9BA7-5C41-5CFD-C5A1-5650B1A4467F}</UniqueIdentifier>
    </Filter>
    <Filter Include="editor\setting">
      <UniqueIdentifier>{D9053C78-C5D3-2F7E-AE67-A0A49AD40BE3}</UniqueIdentifier>
    </Filter>
    <Filter Include="editor\window">
      <UniqueIdentifier>{3396D15A-9F56-4D91-6891-960ED410926D}</UniqueIdentifier>
    </Filter>
    <Filter Include="engine">
      <UniqueIdentifier>{FBDB78FB-E77D-A3D1-D038-B725BC792A22}</UniqueIdentifier>
    </Filter>
    <Filter Include="engine\code">
      <UniqueIdentifier>{853F430D-F1F4-BB02-7AE9-B5D9E69DB206}</UniqueIdentifier>
    </Filter>
    <Filter Include="engine\code\ECS">
      <UniqueIdentifier>{4F6E4C74-BBF9-B938-C40A-3D2D30151639}</UniqueIdentifier>
    </Filter>
    <Filter Include="engine\code\ECS\component">
      <UniqueIdentifier>{91D5494F-FD97-7DD9-4648-0C66B24956B7}</UniqueIdentifier>
    </Filter>
    <Filter Include="engine\code\ECS\component\animation">
      <UniqueIdentifier>{E0973D68-4C51-A812-D5B0-C2EC41695E82}</UniqueIdentifier>
    </Filter>
    <Filter Include="engine\code\ECS\component\collision">
      <UniqueIdentifier>{0C14A222-78CD-0CCD-012D-27A76DE5C23C}</UniqueIdentifier>
    </Filter>
    <Filter Include="engine\code\ECS\component\collision\collider">
      <UniqueIdentifier>{69905061-55A3-50BA-FE8C-2DA7EA7EED07}</UniqueIdentifier>
    </Filter>
    <Filter Include="engine\code\ECS\component\effect">
      <UniqueIdentifier>{4D648BCF-39B5-7611-6219-65D34EC9097B}</UniqueIdentifier>
    </Filter>
    <Filter Include="engine\code\ECS\component\effect\particle">
      <UniqueIdentifier>{10EB9AD0-7C05-FE71-C527-0E0631812579}</UniqueIdentifier>
    </Filter>
    <Filter Include="engine\code\ECS\component\effect\particle\emitter">
      <UniqueIdentifier>{D9F8DC12-45BF-392F-8E1A-C891FA1FA893}</UniqueIdentifier>
    </Filter>
    <Filter Include="engine\code\ECS\component\effect\particle\gpuParticle">
      <UniqueIdentifier>{BF3D7C73-2B5A-6E64-F431-DBD1600DD825}</UniqueIdentifier>
    </Filter>
    <Filter Include="engine\code\ECS\component\effect\post">
      <UniqueIdentifier>{02EE7839-6EB2-7729-3718-A8F3A39B135F}</UniqueIdentifier>
    </Filter>
    <Filter Include="engine\code\ECS\component\material">
      <UniqueIdentifier>{6F73D1E1-5BAF-D44B-C4C1-EC42B01C7D66}</UniqueIdentifier>
    </Filter>
    <Filter Include="engine\code\ECS\component\material\light">
      <UniqueIdentifier>{762EDC79-62AB-CFBC-8B28-D0D077046C50}</UniqueIdentifier>
    </Filter>
    <Filter Include="engine\code\ECS\component\physics">
      <UniqueIdentifier>{2372C215-8FE0-1795-D8C9-D29444770D31}</UniqueIdentifier>
    </Filter>
    <Filter Include="engine\code\ECS\component\renderer">
      <UniqueIdentifier>{7788EBA4-63C4-EE0E-CCD6-0606B8319729}</UniqueIdentifier>
    </Filter>
    <Filter Include="engine\code\ECS\component\renderer\primitive">
      <UniqueIdentifier>{BF5953C7-AB6C-5320-5456-300D4048F06D}</UniqueIdentifier>
    </Filter>
    <Filter Include="engine\code\ECS\component\renderer\primitive\base">
      <UniqueIdentifier>{C93166AF-35F8-C2CB-7E53-512EEA583130}</UniqueIdentifier>
    </Filter>
    <Filter Include="engine\code\ECS\component\renderer\primitive\shape">
      <UniqueIdentifier>{5F97639D-4B2B-5945-B4EF-B2F9A0A29337}</UniqueIdentifier>
    </Filter>
    <Filter Include="engine\code\ECS\component\transform">
      <UniqueIdentifier>{BCB6425A-2870-AD04-B1CF-C7DE1D886374}</UniqueIdentifier>
    </Filter>
    <Filter Include="engine\code\ECS\entity">
      <UniqueIdentifier>{DB7F276E-C779-50C0-B0E6-E6D09C7FB62C}</UniqueIdentifier>
    </Filter>
    <Filter Include="engine\code\ECS\system">
      <UniqueIdentifier>{A366968F-8F60-BFE1-78CD-55F26466254E}</UniqueIdentifier>
    </Filter>
    <Filter Include="engine\code\ECS\system\collision">
      <UniqueIdentifier>{9EA31C15-8AF4-0757-B358-F6189F089BC0}</UniqueIdentifier>
    </Filter>
    <Filter Include="engine\code\ECS\system\effect">
      <UniqueIdentifier>{1FCD8B28-8BE5-7252-5492-02ECC06907EC}</UniqueIdentifier>
    </Filter>
    <Filter Include="engine\code\ECS\system\initialize">
      <UniqueIdentifier>{04493CFE-70B7-917D-B9A0-4C7D254E8719}</UniqueIdentifier>
    </Filter>
    <Filter Include="engine\code\ECS\system\movement">
      <UniqueIdentifier>{5D2FE6B6-C912-F5F6-D215-23333E78BB47}</UniqueIdentifier>
    </Filter>
    <Filter Include="engine\code\ECS\system\postRender">
      <UniqueIdentifier>{18BF3794-842D-8D13-CD16-481339C482AF}</UniqueIdentifier>
    </Filter>
    <Filter Include="engine\code\ECS\system\render">
      <UniqueIdentifier>{D223D146-3E3C-B870-07E9-470A73C04C0A}</UniqueIdentifier>
    </Filter>
    <Filter Include="engine\code\audio">
      <UniqueIdentifier>{66AD37BB-D2C3-3551-1B3B-C172879006D9}</UniqueIdentifier>
    </Filter>
    <Filter Include="engine\code\camera">
      <UniqueIdentifier>{7DA07225-6984-337B-D2E4-2DCEBEE71DFD}</UniqueIdentifier>
    </Filter>
    <Filter Include="engine\code\camera\debugCamera">
      <UniqueIdentifier>{1CE4A4E2-080A-6F49-F14F-F414DD149415}</UniqueIdentifier>
    </Filter>
    <Filter Include="engine\code\directX12">
      <UniqueIdentifier>{AAEB9D36-1658-5931-DF4B-F18E4B777B99}</UniqueIdentifier>
    </Filter>
    <Filter Include="engine\code\directX12\buffer">
      <UniqueIdentifier>{737E2865-5F39-1811-08F1-905BF48A62A1}</UniqueIdentifier>
    </Filter>
    <Filter Include="engine\code\directX12\mesh">
      <UniqueIdentifier>{C6C7259D-B2D7-D16D-1B91-368C07C0C006}</UniqueIdentifier>
    </Filter>
    <Filter Include="engine\code\imGuiManager">
      <UniqueIdentifier>{8A24C19B-7649-101C-9F94-F5AB8B180F3A}</UniqueIdentifier>
    </Filter>
    <Filter Include="engine\code\input">
      <UniqueIdentifier>{64CFC4BB-D0E5-C251-195D-4E7385B293D9}</UniqueIdentifier>
    </Filter>
    <Filter Include="engine\code\logger">
      <UniqueIdentifier>{D4216B3B-C005-2C91-2966-26E415691613}</UniqueIdentifier>
    </Filter>
    <Filter Include="engine\code\model">
      <UniqueIdentifier>{A5880DBC-119F-0B52-5A16-9773C66BDCD9}</UniqueIdentifier>
    </Filter>
    <Filter Include="engine\code\scene">
      <UniqueIdentifier>{828C73BC-EEA2-7152-371A-FD73A36F42DA}</UniqueIdentifier>
    </Filter>
    <Filter Include="engine\code\texture">
      <UniqueIdentifier>{05B288FA-7113-6608-FA80-ACBA66E19CC7}</UniqueIdentifier>
    </Filter>
    <Filter Include="engine\code\winApp">
      <UniqueIdentifier>{2384AA54-0F68-6BAA-78C8-65FD64CB552C}</UniqueIdentifier>
    </Filter>
    <Filter Include="geometry">
      <UniqueIdentifier>{5154C4F3-3D21-1FFF-663A-0DA75266548D}</UniqueIdentifier>
    </Filter>
    <Filter Include="geometry\base">
      <UniqueIdentifier>{9B9714A0-0758-90D6-D092-D9533C12D5B2}</UniqueIdentifier>
    </Filter>
    <Filter Include="geometry\shape">
      <UniqueIdentifier>{71B7DEA3-5D85-D2A9-4619-43D03286AE0E}</UniqueIdentifier>
    </Filter>
    <Filter Include="math">
      <UniqueIdentifier>{CF809A7C-BBB7-9B0D-64A4-811050BA170F}</UniqueIdentifier>
    </Filter>
    <Filter Include="math\bounds">
      <UniqueIdentifier>{8900AB0D-F5B5-2303-7EAA-1DDAEA5E1A07}</UniqueIdentifier>
    </Filter>
    <Filter Include="math\bounds\base">
      <UniqueIdentifier>{D3A6A793-BF9F-C6E5-E8D1-AB6AD429A6F1}</UniqueIdentifier>
    </Filter>
    <Filter Include="util">
      <UniqueIdentifier>{43339F7C-2F6A-A00D-D856-8610C46C1C0F}</UniqueIdentifier>
    </Filter>
    <Filter Include="util\binaryIO">
      <UniqueIdentifier>{CF048FB7-3BC5-0AEE-0400-546B707F4FCA}</UniqueIdentifier>
    </Filter>
    <Filter Include="util\deltaTime">
      <UniqueIdentifier>{6B597772-5727-6B78-40BB-DB9E2C2847DD}</UniqueIdentifier>
    </Filter>
    <Filter Include="util\globalVariables">
      <UniqueIdentifier>{3CC266EE-2851-F0B7-D16F-04B3BDDD005E}</UniqueIdentifier>
    </Filter>
    <Filter Include="util\myFileSystem">
      <UniqueIdentifier>{FDEF043E-6906-03D4-B27D-8EF51ED3D35B}</UniqueIdentifier>
    </Filter>
    <Filter Include="util\myGui">
      <UniqueIdentifier>{5DD511AD-498D-53FA-B294-2C569E6BEEEA}</UniqueIdentifier>
    </Filter>
    <Filter Include="util\myRandom">
      <UniqueIdentifier>{19FFB36C-85BF-2FA3-4EFA-7820BA79747F}</UniqueIdentifier>
    </Filter>
    <Filter Include="util\node">
      <UniqueIdentifier>{F86BF1CE-64D6-A545-AD14-57EB19BE839A}</UniqueIdentifier>
    </Filter>
    <Filter Include="util\timeline">
      <UniqueIdentifier>{89AC1F52-F56C-9B88-BEA7-E4052A27E064}</UniqueIdentifier>
    </Filter>
  </ItemGroup>
  <ItemGroup>
    <ClInclude Include="editor\EditorController.h">
      <Filter>editor</Filter>
    </ClInclude>
    <ClInclude Include="editor\IEditor.h">
      <Filter>editor</Filter>
    </ClInclude>
    <ClInclude Include="editor\sceneEditor\EntityInspector.h">
      <Filter>editor\sceneEditor</Filter>
    </ClInclude>
    <ClInclude Include="editor\sceneEditor\SceneEditor.h">
      <Filter>editor\sceneEditor</Filter>
    </ClInclude>
    <ClInclude Include="editor\sceneEditor\SystemInspector.h">
      <Filter>editor\sceneEditor</Filter>
    </ClInclude>
    <ClInclude Include="editor\setting\SettingWindow.h">
      <Filter>editor\setting</Filter>
    </ClInclude>
    <ClInclude Include="editor\window\EditorWindowMenu.h">
      <Filter>editor\window</Filter>
    </ClInclude>
    <ClInclude Include="engine\EngineInclude.h">
      <Filter>engine</Filter>
    </ClInclude>
    <ClInclude Include="engine\code\ECS\component\ComponentArray.h">
      <Filter>engine\code\ECS\component</Filter>
    </ClInclude>
    <ClInclude Include="engine\code\ECS\component\ComponentRegistry.h">
      <Filter>engine\code\ECS\component</Filter>
    </ClInclude>
    <ClInclude Include="engine\code\ECS\component\ComponentRepository.h">
      <Filter>engine\code\ECS\component</Filter>
    </ClInclude>
    <ClInclude Include="engine\code\ECS\component\EntityReferenceList.h">
      <Filter>engine\code\ECS\component</Filter>
    </ClInclude>
    <ClInclude Include="engine\code\ECS\component\IComponent.h">
      <Filter>engine\code\ECS\component</Filter>
    </ClInclude>
    <ClInclude Include="engine\code\ECS\component\SubScene.h">
      <Filter>engine\code\ECS\component</Filter>
    </ClInclude>
    <ClInclude Include="engine\code\ECS\component\animation\AnimationData.h">
      <Filter>engine\code\ECS\component\animation</Filter>
    </ClInclude>
    <ClInclude Include="engine\code\ECS\component\animation\AnimationManager.h">
      <Filter>engine\code\ECS\component\animation</Filter>
    </ClInclude>
    <ClInclude Include="engine\code\ECS\component\animation\MaterialAnimation.h">
      <Filter>engine\code\ECS\component\animation</Filter>
    </ClInclude>
    <ClInclude Include="engine\code\ECS\component\animation\ModelNodeAnimation.h">
      <Filter>engine\code\ECS\component\animation</Filter>
    </ClInclude>
    <ClInclude Include="engine\code\ECS\component\animation\PrimitiveNodeAnimation.h">
      <Filter>engine\code\ECS\component\animation</Filter>
    </ClInclude>
    <ClInclude Include="engine\code\ECS\component\animation\SkinningAnimationComponent.h">
      <Filter>engine\code\ECS\component\animation</Filter>
    </ClInclude>
    <ClInclude Include="engine\code\ECS\component\animation\SpriteAnimation.h">
      <Filter>engine\code\ECS\component\animation</Filter>
    </ClInclude>
    <ClInclude Include="engine\code\ECS\component\collision\CollisionPushBackInfo.h">
      <Filter>engine\code\ECS\component\collision</Filter>
    </ClInclude>
    <ClInclude Include="engine\code\ECS\component\collision\collider\AABBCollider.h">
      <Filter>engine\code\ECS\component\collision\collider</Filter>
    </ClInclude>
    <ClInclude Include="engine\code\ECS\component\collision\collider\Collider.h">
      <Filter>engine\code\ECS\component\collision\collider</Filter>
    </ClInclude>
    <ClInclude Include="engine\code\ECS\component\collision\collider\OBBCollider.h">
      <Filter>engine\code\ECS\component\collision\collider</Filter>
    </ClInclude>
    <ClInclude Include="engine\code\ECS\component\collision\collider\SphereCollider.h">
      <Filter>engine\code\ECS\component\collision\collider</Filter>
    </ClInclude>
    <ClInclude Include="engine\code\ECS\component\effect\CameraAction.h">
      <Filter>engine\code\ECS\component\effect</Filter>
    </ClInclude>
    <ClInclude Include="engine\code\ECS\component\effect\MaterialEffectPipeLine.h">
      <Filter>engine\code\ECS\component\effect</Filter>
    </ClInclude>
    <ClInclude Include="engine\code\ECS\component\effect\particle\Particle.h">
      <Filter>engine\code\ECS\component\effect\particle</Filter>
    </ClInclude>
    <ClInclude Include="engine\code\ECS\component\effect\particle\emitter\Emitter.h">
      <Filter>engine\code\ECS\component\effect\particle\emitter</Filter>
    </ClInclude>
    <ClInclude Include="engine\code\ECS\component\effect\particle\emitter\EmitterShape.h">
      <Filter>engine\code\ECS\component\effect\particle\emitter</Filter>
    </ClInclude>
    <ClInclude Include="engine\code\ECS\component\effect\particle\gpuParticle\GpuParticle.h">
      <Filter>engine\code\ECS\component\effect\particle\gpuParticle</Filter>
    </ClInclude>
    <ClInclude Include="engine\code\ECS\component\effect\post\DissolveEffectParam.h">
      <Filter>engine\code\ECS\component\effect\post</Filter>
    </ClInclude>
    <ClInclude Include="engine\code\ECS\component\effect\post\DistortionEffectParam.h">
      <Filter>engine\code\ECS\component\effect\post</Filter>
    </ClInclude>
    <ClInclude Include="engine\code\ECS\component\effect\post\GradationTextureComponent.h">
      <Filter>engine\code\ECS\component\effect\post</Filter>
    </ClInclude>
    <ClInclude Include="engine\code\ECS\component\effect\post\RadialBlurParam.h">
      <Filter>engine\code\ECS\component\effect\post</Filter>
    </ClInclude>
    <ClInclude Include="engine\code\ECS\component\effect\post\RandomEffectParam.h">
      <Filter>engine\code\ECS\component\effect\post</Filter>
    </ClInclude>
    <ClInclude Include="engine\code\ECS\component\effect\post\SpeedlineEffectParam.h">
      <Filter>engine\code\ECS\component\effect\post</Filter>
    </ClInclude>
    <ClInclude Include="engine\code\ECS\component\effect\post\VignetteParam.h">
      <Filter>engine\code\ECS\component\effect\post</Filter>
    </ClInclude>
    <ClInclude Include="engine\code\ECS\component\material\Material.h">
      <Filter>engine\code\ECS\component\material</Filter>
    </ClInclude>
    <ClInclude Include="engine\code\ECS\component\material\light\DirectionalLight.h">
      <Filter>engine\code\ECS\component\material\light</Filter>
    </ClInclude>
    <ClInclude Include="engine\code\ECS\component\material\light\LightManager.h">
      <Filter>engine\code\ECS\component\material\light</Filter>
    </ClInclude>
    <ClInclude Include="engine\code\ECS\component\material\light\PointLight.h">
      <Filter>engine\code\ECS\component\material\light</Filter>
    </ClInclude>
    <ClInclude Include="engine\code\ECS\component\material\light\SpotLight.h">
      <Filter>engine\code\ECS\component\material\light</Filter>
    </ClInclude>
    <ClInclude Include="engine\code\ECS\component\physics\Rigidbody.h">
      <Filter>engine\code\ECS\component\physics</Filter>
    </ClInclude>
    <ClInclude Include="engine\code\ECS\component\renderer\MeshRenderer.h">
      <Filter>engine\code\ECS\component\renderer</Filter>
    </ClInclude>
    <ClInclude Include="engine\code\ECS\component\renderer\SkyBoxRenderer.h">
      <Filter>engine\code\ECS\component\renderer</Filter>
    </ClInclude>
    <ClInclude Include="engine\code\ECS\component\renderer\Sprite.h">
      <Filter>engine\code\ECS\component\renderer</Filter>
    </ClInclude>
    <ClInclude Include="engine\code\ECS\component\renderer\primitive\BoxRenderer.h">
      <Filter>engine\code\ECS\component\renderer\primitive</Filter>
    </ClInclude>
    <ClInclude Include="engine\code\ECS\component\renderer\primitive\PlaneRenderer.h">
      <Filter>engine\code\ECS\component\renderer\primitive</Filter>
    </ClInclude>
    <ClInclude Include="engine\code\ECS\component\renderer\primitive\PrimitiveMeshRenderer.h">
      <Filter>engine\code\ECS\component\renderer\primitive</Filter>
    </ClInclude>
    <ClInclude Include="engine\code\ECS\component\renderer\primitive\RingRenderer.h">
      <Filter>engine\code\ECS\component\renderer\primitive</Filter>
    </ClInclude>
    <ClInclude Include="engine\code\ECS\component\renderer\primitive\SphereRenderer.h">
      <Filter>engine\code\ECS\component\renderer\primitive</Filter>
    </ClInclude>
    <ClInclude Include="engine\code\ECS\component\renderer\primitive\base\IPrimitive.h">
      <Filter>engine\code\ECS\component\renderer\primitive\base</Filter>
    </ClInclude>
    <ClInclude Include="engine\code\ECS\component\renderer\primitive\base\PrimitiveMeshRendererBase.h">
      <Filter>engine\code\ECS\component\renderer\primitive\base</Filter>
    </ClInclude>
    <ClInclude Include="engine\code\ECS\component\renderer\primitive\base\PrimitiveType.h">
      <Filter>engine\code\ECS\component\renderer\primitive\base</Filter>
    </ClInclude>
    <ClInclude Include="engine\code\ECS\component\renderer\primitive\shape\Box.h">
      <Filter>engine\code\ECS\component\renderer\primitive\shape</Filter>
    </ClInclude>
    <ClInclude Include="engine\code\ECS\component\renderer\primitive\shape\Plane.h">
      <Filter>engine\code\ECS\component\renderer\primitive\shape</Filter>
    </ClInclude>
    <ClInclude Include="engine\code\ECS\component\renderer\primitive\shape\Ring.h">
      <Filter>engine\code\ECS\component\renderer\primitive\shape</Filter>
    </ClInclude>
    <ClInclude Include="engine\code\ECS\component\renderer\primitive\shape\Sphere.h">
      <Filter>engine\code\ECS\component\renderer\primitive\shape</Filter>
    </ClInclude>
    <ClInclude Include="engine\code\ECS\component\transform\CameraTransform.h">
      <Filter>engine\code\ECS\component\transform</Filter>
    </ClInclude>
    <ClInclude Include="engine\code\ECS\component\transform\ParticleTransform.h">
      <Filter>engine\code\ECS\component\transform</Filter>
    </ClInclude>
    <ClInclude Include="engine\code\ECS\component\transform\Transform.h">
      <Filter>engine\code\ECS\component\transform</Filter>
    </ClInclude>
    <ClInclude Include="engine\code\ECS\entity\Entity.h">
      <Filter>engine\code\ECS\entity</Filter>
    </ClInclude>
    <ClInclude Include="engine\code\ECS\entity\EntityRepository.h">
      <Filter>engine\code\ECS\entity</Filter>
    </ClInclude>
    <ClInclude Include="engine\code\ECS\system\ISystem.h">
      <Filter>engine\code\ECS\system</Filter>
    </ClInclude>
    <ClInclude Include="engine\code\ECS\system\SystemCategory.h">
      <Filter>engine\code\ECS\system</Filter>
    </ClInclude>
    <ClInclude Include="engine\code\ECS\system\SystemRegistry.h">
      <Filter>engine\code\ECS\system</Filter>
    </ClInclude>
    <ClInclude Include="engine\code\ECS\system\SystemRunner.h">
      <Filter>engine\code\ECS\system</Filter>
    </ClInclude>
    <ClInclude Include="engine\code\ECS\system\collision\CollisionCheckPairFunc.h">
      <Filter>engine\code\ECS\system\collision</Filter>
    </ClInclude>
    <ClInclude Include="engine\code\ECS\system\collision\CollisionCheckSystem.h">
      <Filter>engine\code\ECS\system\collision</Filter>
    </ClInclude>
    <ClInclude Include="engine\code\ECS\system\collision\CollisionPushBackSystem.h">
      <Filter>engine\code\ECS\system\collision</Filter>
    </ClInclude>
    <ClInclude Include="engine\code\ECS\system\effect\CameraActionSystem.h">
      <Filter>engine\code\ECS\system\effect</Filter>
    </ClInclude>
    <ClInclude Include="engine\code\ECS\system\effect\EmitterWorkSystem.h">
      <Filter>engine\code\ECS\system\effect</Filter>
    </ClInclude>
    <ClInclude Include="engine\code\ECS\system\effect\GpuParticleEmitterWorkSystem.h">
      <Filter>engine\code\ECS\system\effect</Filter>
    </ClInclude>
    <ClInclude Include="engine\code\ECS\system\effect\MaterialAnimationWorkSystem.h">
      <Filter>engine\code\ECS\system\effect</Filter>
    </ClInclude>
    <ClInclude Include="engine\code\ECS\system\effect\MaterialEffect.h">
      <Filter>engine\code\ECS\system\effect</Filter>
    </ClInclude>
    <ClInclude Include="engine\code\ECS\system\effect\PrimitiveNodeAnimationWorkSystem.h">
      <Filter>engine\code\ECS\system\effect</Filter>
    </ClInclude>
    <ClInclude Include="engine\code\ECS\system\effect\SkinningAnimationSystem.h">
      <Filter>engine\code\ECS\system\effect</Filter>
    </ClInclude>
    <ClInclude Include="engine\code\ECS\system\effect\SpriteAnimationSystem.h">
      <Filter>engine\code\ECS\system\effect</Filter>
    </ClInclude>
    <ClInclude Include="engine\code\ECS\system\initialize\CameraInitialize.h">
      <Filter>engine\code\ECS\system\initialize</Filter>
    </ClInclude>
    <ClInclude Include="engine\code\ECS\system\initialize\GpuParticleInitialize.h">
      <Filter>engine\code\ECS\system\initialize</Filter>
    </ClInclude>
    <ClInclude Include="engine\code\ECS\system\initialize\RegisterWindowResizeEvent.h">
      <Filter>engine\code\ECS\system\initialize</Filter>
    </ClInclude>
    <ClInclude Include="engine\code\ECS\system\initialize\ResolveEntityReferences.h">
      <Filter>engine\code\ECS\system\initialize</Filter>
    </ClInclude>
    <ClInclude Include="engine\code\ECS\system\movement\MoveSystemByRigidBody.h">
      <Filter>engine\code\ECS\system\movement</Filter>
    </ClInclude>
    <ClInclude Include="engine\code\ECS\system\movement\SubSceneUpdate.h">
      <Filter>engine\code\ECS\system\movement</Filter>
    </ClInclude>
    <ClInclude Include="engine\code\ECS\system\postRender\DissolveEffect.h">
      <Filter>engine\code\ECS\system\postRender</Filter>
    </ClInclude>
    <ClInclude Include="engine\code\ECS\system\postRender\DistortionEffect.h">
      <Filter>engine\code\ECS\system\postRender</Filter>
    </ClInclude>
    <ClInclude Include="engine\code\ECS\system\postRender\GradationEffect.h">
      <Filter>engine\code\ECS\system\postRender</Filter>
    </ClInclude>
    <ClInclude Include="engine\code\ECS\system\postRender\GrayscaleEffect.h">
      <Filter>engine\code\ECS\system\postRender</Filter>
    </ClInclude>
    <ClInclude Include="engine\code\ECS\system\postRender\RadialBlurEffect.h">
      <Filter>engine\code\ECS\system\postRender</Filter>
    </ClInclude>
    <ClInclude Include="engine\code\ECS\system\postRender\RandomEffect.h">
      <Filter>engine\code\ECS\system\postRender</Filter>
    </ClInclude>
    <ClInclude Include="engine\code\ECS\system\postRender\SmoothingEffect.h">
      <Filter>engine\code\ECS\system\postRender</Filter>
    </ClInclude>
    <ClInclude Include="engine\code\ECS\system\postRender\SpeedlineEffect.h">
      <Filter>engine\code\ECS\system\postRender</Filter>
    </ClInclude>
    <ClInclude Include="engine\code\ECS\system\postRender\SubSceneRender.h">
      <Filter>engine\code\ECS\system\postRender</Filter>
    </ClInclude>
    <ClInclude Include="engine\code\ECS\system\postRender\VignetteEffect.h">
      <Filter>engine\code\ECS\system\postRender</Filter>
    </ClInclude>
    <ClInclude Include="engine\code\ECS\system\render\BackGroundSpriteRenderSystem.h">
      <Filter>engine\code\ECS\system\render</Filter>
    </ClInclude>
    <ClInclude Include="engine\code\ECS\system\render\ColliderRenderingSystem.h">
      <Filter>engine\code\ECS\system\render</Filter>
    </ClInclude>
    <ClInclude Include="engine\code\ECS\system\render\GpuParticleRenderSystem.h">
      <Filter>engine\code\ECS\system\render</Filter>
    </ClInclude>
    <ClInclude Include="engine\code\ECS\system\render\LineRenderSystem.h">
      <Filter>engine\code\ECS\system\render</Filter>
    </ClInclude>
    <ClInclude Include="engine\code\ECS\system\render\ParticleRenderSystem.h">
      <Filter>engine\code\ECS\system\render</Filter>
    </ClInclude>
    <ClInclude Include="engine\code\ECS\system\render\SkeletonRenderSystem.h">
      <Filter>engine\code\ECS\system\render</Filter>
    </ClInclude>
    <ClInclude Include="engine\code\ECS\system\render\SkinningMeshRenderSystem.h">
      <Filter>engine\code\ECS\system\render</Filter>
    </ClInclude>
    <ClInclude Include="engine\code\ECS\system\render\SkyboxRender.h">
      <Filter>engine\code\ECS\system\render</Filter>
    </ClInclude>
    <ClInclude Include="engine\code\ECS\system\render\SpriteRenderSystem.h">
      <Filter>engine\code\ECS\system\render</Filter>
    </ClInclude>
    <ClInclude Include="engine\code\ECS\system\render\TexturedMeshRenderSystem.h">
      <Filter>engine\code\ECS\system\render</Filter>
    </ClInclude>
    <ClInclude Include="engine\code\ECS\system\render\VelocityRenderingSystem.h">
      <Filter>engine\code\ECS\system\render</Filter>
    </ClInclude>
    <ClInclude Include="engine\code\Engine.h">
      <Filter>engine\code</Filter>
    </ClInclude>
    <ClInclude Include="engine\code\audio\Audio.h">
      <Filter>engine\code\audio</Filter>
    </ClInclude>
    <ClInclude Include="engine\code\camera\CameraManager.h">
      <Filter>engine\code\camera</Filter>
    </ClInclude>
    <ClInclude Include="engine\code\camera\debugCamera\DebugCamera.h">
      <Filter>engine\code\camera\debugCamera</Filter>
    </ClInclude>
    <ClInclude Include="engine\code\directX12\DxCommand.h">
      <Filter>engine\code\directX12</Filter>
    </ClInclude>
    <ClInclude Include="engine\code\directX12\DxDebug.h">
      <Filter>engine\code\directX12</Filter>
    </ClInclude>
    <ClInclude Include="engine\code\directX12\DxDescriptor.h">
      <Filter>engine\code\directX12</Filter>
    </ClInclude>
    <ClInclude Include="engine\code\directX12\DxDevice.h">
      <Filter>engine\code\directX12</Filter>
    </ClInclude>
    <ClInclude Include="engine\code\directX12\DxFence.h">
      <Filter>engine\code\directX12</Filter>
    </ClInclude>
    <ClInclude Include="engine\code\directX12\DxFunctionHelper.h">
      <Filter>engine\code\directX12</Filter>
    </ClInclude>
    <ClInclude Include="engine\code\directX12\DxResource.h">
      <Filter>engine\code\directX12</Filter>
    </ClInclude>
    <ClInclude Include="engine\code\directX12\DxSwapChain.h">
      <Filter>engine\code\directX12</Filter>
    </ClInclude>
    <ClInclude Include="engine\code\directX12\PipelineStateObj.h">
      <Filter>engine\code\directX12</Filter>
    </ClInclude>
    <ClInclude Include="engine\code\directX12\RenderTexture.h">
      <Filter>engine\code\directX12</Filter>
    </ClInclude>
    <ClInclude Include="engine\code\directX12\ResourceStateTracker.h">
      <Filter>engine\code\directX12</Filter>
    </ClInclude>
    <ClInclude Include="engine\code\directX12\ShaderCompiler.h">
      <Filter>engine\code\directX12</Filter>
    </ClInclude>
    <ClInclude Include="engine\code\directX12\ShaderManager.h">
      <Filter>engine\code\directX12</Filter>
    </ClInclude>
    <ClInclude Include="engine\code\directX12\buffer\IConstantBuffer.h">
      <Filter>engine\code\directX12\buffer</Filter>
    </ClInclude>
    <ClInclude Include="engine\code\directX12\buffer\IStructuredBuffer.h">
      <Filter>engine\code\directX12\buffer</Filter>
    </ClInclude>
    <ClInclude Include="engine\code\directX12\buffer\SimpleConstantBuffer.h">
      <Filter>engine\code\directX12\buffer</Filter>
    </ClInclude>
    <ClInclude Include="engine\code\directX12\buffer\SimpleStructuredBuffer.h">
      <Filter>engine\code\directX12\buffer</Filter>
    </ClInclude>
    <ClInclude Include="engine\code\directX12\mesh\DefaultVertexData.h">
      <Filter>engine\code\directX12\mesh</Filter>
    </ClInclude>
    <ClInclude Include="engine\code\directX12\mesh\Mesh.h">
      <Filter>engine\code\directX12\mesh</Filter>
    </ClInclude>
    <ClInclude Include="engine\code\imGuiManager\ImGuiManager.h">
      <Filter>engine\code\imGuiManager</Filter>
    </ClInclude>
    <ClInclude Include="engine\code\input\Input.h">
      <Filter>engine\code\input</Filter>
    </ClInclude>
    <ClInclude Include="engine\code\logger\ImGuiLogSink.h">
      <Filter>engine\code\logger</Filter>
    </ClInclude>
    <ClInclude Include="engine\code\logger\Logger.h">
      <Filter>engine\code\logger</Filter>
    </ClInclude>
    <ClInclude Include="engine\code\model\Model.h">
      <Filter>engine\code\model</Filter>
    </ClInclude>
    <ClInclude Include="engine\code\model\ModelManager.h">
      <Filter>engine\code\model</Filter>
    </ClInclude>
    <ClInclude Include="engine\code\scene\Scene.h">
      <Filter>engine\code\scene</Filter>
    </ClInclude>
    <ClInclude Include="engine\code\scene\SceneManager.h">
      <Filter>engine\code\scene</Filter>
    </ClInclude>
    <ClInclude Include="engine\code\texture\TextureManager.h">
      <Filter>engine\code\texture</Filter>
    </ClInclude>
    <ClInclude Include="engine\code\winApp\WinApp.h">
      <Filter>engine\code\winApp</Filter>
    </ClInclude>
    <ClInclude Include="geometry\base\GeometryType.h">
      <Filter>geometry\base</Filter>
    </ClInclude>
    <ClInclude Include="geometry\base\IGeometry.h">
      <Filter>geometry\base</Filter>
    </ClInclude>
    <ClInclude Include="geometry\shape\Box.h">
      <Filter>geometry\shape</Filter>
    </ClInclude>
    <ClInclude Include="geometry\shape\Plane.h">
      <Filter>geometry\shape</Filter>
    </ClInclude>
    <ClInclude Include="geometry\shape\Ring.h">
      <Filter>geometry\shape</Filter>
    </ClInclude>
    <ClInclude Include="geometry\shape\Sphere.h">
      <Filter>geometry\shape</Filter>
    </ClInclude>
    <ClInclude Include="math\Matrix4x4.h">
      <Filter>math</Filter>
    </ClInclude>
    <ClInclude Include="math\MyEasing.h">
      <Filter>math</Filter>
    </ClInclude>
    <ClInclude Include="math\Orientation.h">
      <Filter>math</Filter>
    </ClInclude>
    <ClInclude Include="math\Quaternion.h">
      <Filter>math</Filter>
    </ClInclude>
    <ClInclude Include="math\Sequence.h">
      <Filter>math</Filter>
    </ClInclude>
    <ClInclude Include="math\Vector.h">
      <Filter>math</Filter>
    </ClInclude>
    <ClInclude Include="math\Vector2.h">
      <Filter>math</Filter>
    </ClInclude>
    <ClInclude Include="math\Vector3.h">
      <Filter>math</Filter>
    </ClInclude>
    <ClInclude Include="math\Vector4.h">
      <Filter>math</Filter>
    </ClInclude>
    <ClInclude Include="math\bounds\AABB.h">
      <Filter>math\bounds</Filter>
    </ClInclude>
    <ClInclude Include="math\bounds\OBB.h">
      <Filter>math\bounds</Filter>
    </ClInclude>
    <ClInclude Include="math\bounds\Sphere.h">
      <Filter>math\bounds</Filter>
    </ClInclude>
    <ClInclude Include="math\bounds\base\IBounds.h">
      <Filter>math\bounds\base</Filter>
    </ClInclude>
    <ClInclude Include="math\mathEnv.h">
      <Filter>math</Filter>
    </ClInclude>
    <ClInclude Include="util\BitArray.h">
      <Filter>util</Filter>
    </ClInclude>
    <ClInclude Include="util\ConvertString.h">
      <Filter>util</Filter>
    </ClInclude>
    <ClInclude Include="util\DiffValue.h">
      <Filter>util</Filter>
    </ClInclude>
    <ClInclude Include="util\EnumBitMask.h">
      <Filter>util</Filter>
    </ClInclude>
    <ClInclude Include="util\NormalizeString.h">
      <Filter>util</Filter>
    </ClInclude>
    <ClInclude Include="util\binaryIO\BinaryIO.h">
      <Filter>util\binaryIO</Filter>
    </ClInclude>
    <ClInclude Include="util\deltaTime\DeltaTime.h">
      <Filter>util\deltaTime</Filter>
    </ClInclude>
    <ClInclude Include="util\globalVariables\GlobalVariables.h">
      <Filter>util\globalVariables</Filter>
    </ClInclude>
    <ClInclude Include="util\globalVariables\SerializedField.h">
      <Filter>util\globalVariables</Filter>
    </ClInclude>
    <ClInclude Include="util\myFileSystem\MyFileSystem.h">
      <Filter>util\myFileSystem</Filter>
    </ClInclude>
    <ClInclude Include="util\myGui\MyGui.h">
      <Filter>util\myGui</Filter>
    </ClInclude>
    <ClInclude Include="util\myRandom\MyRandom.h">
      <Filter>util\myRandom</Filter>
    </ClInclude>
    <ClInclude Include="util\nameof.h">
      <Filter>util</Filter>
    </ClInclude>
    <ClInclude Include="util\timeline\Timeline.h">
      <Filter>util\timeline</Filter>
    </ClInclude>
    <ClInclude Include="engine\code\directX12\BlendMode.h" />
    <ClInclude Include="math\Interpolation.h" />
    <ClInclude Include="engine\code\ECS\system\render\base\BaseRenderSystem.h" />
  </ItemGroup>
  <ItemGroup>
    <ClCompile Include="editor\EditorController.cpp">
      <Filter>editor</Filter>
    </ClCompile>
    <ClCompile Include="editor\IEditor.cpp">
      <Filter>editor</Filter>
    </ClCompile>
    <ClCompile Include="editor\sceneEditor\EntityInspector.cpp">
      <Filter>editor\sceneEditor</Filter>
    </ClCompile>
    <ClCompile Include="editor\sceneEditor\SceneEditor.cpp">
      <Filter>editor\sceneEditor</Filter>
    </ClCompile>
    <ClCompile Include="editor\sceneEditor\SystemInspector.cpp">
      <Filter>editor\sceneEditor</Filter>
    </ClCompile>
    <ClCompile Include="editor\setting\SettingWindow.cpp">
      <Filter>editor\setting</Filter>
    </ClCompile>
    <ClCompile Include="editor\window\EditorWindowMenu.cpp">
      <Filter>editor\window</Filter>
    </ClCompile>
    <ClCompile Include="engine\code\ECS\component\ComponentRegistry.cpp">
      <Filter>engine\code\ECS\component</Filter>
    </ClCompile>
    <ClCompile Include="engine\code\ECS\component\ComponentRepository.cpp">
      <Filter>engine\code\ECS\component</Filter>
    </ClCompile>
    <ClCompile Include="engine\code\ECS\component\EntityReferenceList.cpp">
      <Filter>engine\code\ECS\component</Filter>
    </ClCompile>
    <ClCompile Include="engine\code\ECS\component\IComponent.cpp">
      <Filter>engine\code\ECS\component</Filter>
    </ClCompile>
    <ClCompile Include="engine\code\ECS\component\SubScene.cpp">
      <Filter>engine\code\ECS\component</Filter>
    </ClCompile>
    <ClCompile Include="engine\code\ECS\component\animation\AnimationData.cpp">
      <Filter>engine\code\ECS\component\animation</Filter>
    </ClCompile>
    <ClCompile Include="engine\code\ECS\component\animation\AnimationManager.cpp">
      <Filter>engine\code\ECS\component\animation</Filter>
    </ClCompile>
    <ClCompile Include="engine\code\ECS\component\animation\MaterialAnimation.cpp">
      <Filter>engine\code\ECS\component\animation</Filter>
    </ClCompile>
    <ClCompile Include="engine\code\ECS\component\animation\ModelNodeAnimation.cpp">
      <Filter>engine\code\ECS\component\animation</Filter>
    </ClCompile>
    <ClCompile Include="engine\code\ECS\component\animation\PrimitiveNodeAnimation.cpp">
      <Filter>engine\code\ECS\component\animation</Filter>
    </ClCompile>
    <ClCompile Include="engine\code\ECS\component\animation\SkinningAnimationComponent.cpp">
      <Filter>engine\code\ECS\component\animation</Filter>
    </ClCompile>
    <ClCompile Include="engine\code\ECS\component\animation\SpriteAnimation.cpp">
      <Filter>engine\code\ECS\component\animation</Filter>
    </ClCompile>
    <ClCompile Include="engine\code\ECS\component\collision\CollisionPushBackInfo.cpp">
      <Filter>engine\code\ECS\component\collision</Filter>
    </ClCompile>
    <ClCompile Include="engine\code\ECS\component\collision\collider\AABBCollider.cpp">
      <Filter>engine\code\ECS\component\collision\collider</Filter>
    </ClCompile>
    <ClCompile Include="engine\code\ECS\component\collision\collider\Collider.cpp">
      <Filter>engine\code\ECS\component\collision\collider</Filter>
    </ClCompile>
    <ClCompile Include="engine\code\ECS\component\collision\collider\OBBCollider.cpp">
      <Filter>engine\code\ECS\component\collision\collider</Filter>
    </ClCompile>
    <ClCompile Include="engine\code\ECS\component\collision\collider\SphereCollider.cpp">
      <Filter>engine\code\ECS\component\collision\collider</Filter>
    </ClCompile>
    <ClCompile Include="engine\code\ECS\component\effect\CameraAction.cpp">
      <Filter>engine\code\ECS\component\effect</Filter>
    </ClCompile>
    <ClCompile Include="engine\code\ECS\component\effect\MaterialEffectPipeLine.cpp">
      <Filter>engine\code\ECS\component\effect</Filter>
    </ClCompile>
    <ClCompile Include="engine\code\ECS\component\effect\particle\Particle.cpp">
      <Filter>engine\code\ECS\component\effect\particle</Filter>
    </ClCompile>
    <ClCompile Include="engine\code\ECS\component\effect\particle\emitter\Emitter.cpp">
      <Filter>engine\code\ECS\component\effect\particle\emitter</Filter>
    </ClCompile>
    <ClCompile Include="engine\code\ECS\component\effect\particle\emitter\EmitterShape.cpp">
      <Filter>engine\code\ECS\component\effect\particle\emitter</Filter>
    </ClCompile>
    <ClCompile Include="engine\code\ECS\component\effect\particle\gpuParticle\GpuParticle.cpp">
      <Filter>engine\code\ECS\component\effect\particle\gpuParticle</Filter>
    </ClCompile>
    <ClCompile Include="engine\code\ECS\component\effect\post\DissolveEffectParam.cpp">
      <Filter>engine\code\ECS\component\effect\post</Filter>
    </ClCompile>
    <ClCompile Include="engine\code\ECS\component\effect\post\DistortionEffectParam.cpp">
      <Filter>engine\code\ECS\component\effect\post</Filter>
    </ClCompile>
    <ClCompile Include="engine\code\ECS\component\effect\post\GradationTextureComponent.cpp">
      <Filter>engine\code\ECS\component\effect\post</Filter>
    </ClCompile>
    <ClCompile Include="engine\code\ECS\component\effect\post\RadialBlurParam.cpp">
      <Filter>engine\code\ECS\component\effect\post</Filter>
    </ClCompile>
    <ClCompile Include="engine\code\ECS\component\effect\post\RandomEffectParam.cpp">
      <Filter>engine\code\ECS\component\effect\post</Filter>
    </ClCompile>
    <ClCompile Include="engine\code\ECS\component\effect\post\SpeedlineEffectParam.cpp">
      <Filter>engine\code\ECS\component\effect\post</Filter>
    </ClCompile>
    <ClCompile Include="engine\code\ECS\component\effect\post\VignetteParam.cpp">
      <Filter>engine\code\ECS\component\effect\post</Filter>
    </ClCompile>
    <ClCompile Include="engine\code\ECS\component\material\Material.cpp">
      <Filter>engine\code\ECS\component\material</Filter>
    </ClCompile>
    <ClCompile Include="engine\code\ECS\component\material\light\DirectionalLight.cpp">
      <Filter>engine\code\ECS\component\material\light</Filter>
    </ClCompile>
    <ClCompile Include="engine\code\ECS\component\material\light\LightManager.cpp">
      <Filter>engine\code\ECS\component\material\light</Filter>
    </ClCompile>
    <ClCompile Include="engine\code\ECS\component\material\light\PointLight.cpp">
      <Filter>engine\code\ECS\component\material\light</Filter>
    </ClCompile>
    <ClCompile Include="engine\code\ECS\component\material\light\SpotLight.cpp">
      <Filter>engine\code\ECS\component\material\light</Filter>
    </ClCompile>
    <ClCompile Include="engine\code\ECS\component\physics\Rigidbody.cpp">
      <Filter>engine\code\ECS\component\physics</Filter>
    </ClCompile>
    <ClCompile Include="engine\code\ECS\component\renderer\MeshRenderer.cpp">
      <Filter>engine\code\ECS\component\renderer</Filter>
    </ClCompile>
    <ClCompile Include="engine\code\ECS\component\renderer\SkyBoxRenderer.cpp">
      <Filter>engine\code\ECS\component\renderer</Filter>
    </ClCompile>
    <ClCompile Include="engine\code\ECS\component\renderer\Sprite.cpp">
      <Filter>engine\code\ECS\component\renderer</Filter>
    </ClCompile>
    <ClCompile Include="engine\code\ECS\component\renderer\primitive\BoxRenderer.cpp">
      <Filter>engine\code\ECS\component\renderer\primitive</Filter>
    </ClCompile>
    <ClCompile Include="engine\code\ECS\component\renderer\primitive\PlaneRenderer.cpp">
      <Filter>engine\code\ECS\component\renderer\primitive</Filter>
    </ClCompile>
    <ClCompile Include="engine\code\ECS\component\renderer\primitive\PrimitiveMeshRenderer.cpp">
      <Filter>engine\code\ECS\component\renderer\primitive</Filter>
    </ClCompile>
    <ClCompile Include="engine\code\ECS\component\renderer\primitive\RingRenderer.cpp">
      <Filter>engine\code\ECS\component\renderer\primitive</Filter>
    </ClCompile>
    <ClCompile Include="engine\code\ECS\component\renderer\primitive\SphereRenderer.cpp">
      <Filter>engine\code\ECS\component\renderer\primitive</Filter>
    </ClCompile>
    <ClCompile Include="engine\code\ECS\component\renderer\primitive\base\PrimitiveMeshRendererBase.cpp">
      <Filter>engine\code\ECS\component\renderer\primitive\base</Filter>
    </ClCompile>
    <ClCompile Include="engine\code\ECS\component\renderer\primitive\base\PrimitiveType.cpp">
      <Filter>engine\code\ECS\component\renderer\primitive\base</Filter>
    </ClCompile>
    <ClCompile Include="engine\code\ECS\component\renderer\primitive\shape\Box.cpp">
      <Filter>engine\code\ECS\component\renderer\primitive\shape</Filter>
    </ClCompile>
    <ClCompile Include="engine\code\ECS\component\renderer\primitive\shape\Plane.cpp">
      <Filter>engine\code\ECS\component\renderer\primitive\shape</Filter>
    </ClCompile>
    <ClCompile Include="engine\code\ECS\component\renderer\primitive\shape\Ring.cpp">
      <Filter>engine\code\ECS\component\renderer\primitive\shape</Filter>
    </ClCompile>
    <ClCompile Include="engine\code\ECS\component\renderer\primitive\shape\Sphere.cpp">
      <Filter>engine\code\ECS\component\renderer\primitive\shape</Filter>
    </ClCompile>
    <ClCompile Include="engine\code\ECS\component\transform\CameraTransform.cpp">
      <Filter>engine\code\ECS\component\transform</Filter>
    </ClCompile>
    <ClCompile Include="engine\code\ECS\component\transform\ParticleTransform.cpp">
      <Filter>engine\code\ECS\component\transform</Filter>
    </ClCompile>
    <ClCompile Include="engine\code\ECS\component\transform\Transform.cpp">
      <Filter>engine\code\ECS\component\transform</Filter>
    </ClCompile>
    <ClCompile Include="engine\code\ECS\entity\EntityRepository.cpp">
      <Filter>engine\code\ECS\entity</Filter>
    </ClCompile>
    <ClCompile Include="engine\code\ECS\system\ISystem.cpp">
      <Filter>engine\code\ECS\system</Filter>
    </ClCompile>
    <ClCompile Include="engine\code\ECS\system\SystemCategory.cpp">
      <Filter>engine\code\ECS\system</Filter>
    </ClCompile>
    <ClCompile Include="engine\code\ECS\system\SystemRegistry.cpp">
      <Filter>engine\code\ECS\system</Filter>
    </ClCompile>
    <ClCompile Include="engine\code\ECS\system\SystemRunner.cpp">
      <Filter>engine\code\ECS\system</Filter>
    </ClCompile>
    <ClCompile Include="engine\code\ECS\system\collision\CollisionCheckPairFunc.cpp">
      <Filter>engine\code\ECS\system\collision</Filter>
    </ClCompile>
    <ClCompile Include="engine\code\ECS\system\collision\CollisionCheckSystem.cpp">
      <Filter>engine\code\ECS\system\collision</Filter>
    </ClCompile>
    <ClCompile Include="engine\code\ECS\system\collision\CollisionPushBackSystem.cpp">
      <Filter>engine\code\ECS\system\collision</Filter>
    </ClCompile>
    <ClCompile Include="engine\code\ECS\system\effect\CameraActionSystem.cpp">
      <Filter>engine\code\ECS\system\effect</Filter>
    </ClCompile>
    <ClCompile Include="engine\code\ECS\system\effect\EmitterWorkSystem.cpp">
      <Filter>engine\code\ECS\system\effect</Filter>
    </ClCompile>
    <ClCompile Include="engine\code\ECS\system\effect\GpuParticleEmitterWorkSystem.cpp">
      <Filter>engine\code\ECS\system\effect</Filter>
    </ClCompile>
    <ClCompile Include="engine\code\ECS\system\effect\MaterialAnimationWorkSystem.cpp">
      <Filter>engine\code\ECS\system\effect</Filter>
    </ClCompile>
    <ClCompile Include="engine\code\ECS\system\effect\MaterialEffect.cpp">
      <Filter>engine\code\ECS\system\effect</Filter>
    </ClCompile>
    <ClCompile Include="engine\code\ECS\system\effect\PrimitiveNodeAnimationWorkSystem.cpp">
      <Filter>engine\code\ECS\system\effect</Filter>
    </ClCompile>
    <ClCompile Include="engine\code\ECS\system\effect\SkinningAnimationSystem.cpp">
      <Filter>engine\code\ECS\system\effect</Filter>
    </ClCompile>
    <ClCompile Include="engine\code\ECS\system\effect\SpriteAnimationSystem.cpp">
      <Filter>engine\code\ECS\system\effect</Filter>
    </ClCompile>
    <ClCompile Include="engine\code\ECS\system\initialize\CameraInitialize.cpp">
      <Filter>engine\code\ECS\system\initialize</Filter>
    </ClCompile>
    <ClCompile Include="engine\code\ECS\system\initialize\GpuParticleInitialize.cpp">
      <Filter>engine\code\ECS\system\initialize</Filter>
    </ClCompile>
    <ClCompile Include="engine\code\ECS\system\initialize\RegisterWindowResizeEvent.cpp">
      <Filter>engine\code\ECS\system\initialize</Filter>
    </ClCompile>
    <ClCompile Include="engine\code\ECS\system\initialize\ResolveEntityReferences.cpp">
      <Filter>engine\code\ECS\system\initialize</Filter>
    </ClCompile>
    <ClCompile Include="engine\code\ECS\system\movement\MoveSystemByRigidBody.cpp">
      <Filter>engine\code\ECS\system\movement</Filter>
    </ClCompile>
    <ClCompile Include="engine\code\ECS\system\movement\SubSceneUpdate.cpp">
      <Filter>engine\code\ECS\system\movement</Filter>
    </ClCompile>
    <ClCompile Include="engine\code\ECS\system\postRender\DissolveEffect.cpp">
      <Filter>engine\code\ECS\system\postRender</Filter>
    </ClCompile>
    <ClCompile Include="engine\code\ECS\system\postRender\DistortionEffect.cpp">
      <Filter>engine\code\ECS\system\postRender</Filter>
    </ClCompile>
    <ClCompile Include="engine\code\ECS\system\postRender\GradationEffect.cpp">
      <Filter>engine\code\ECS\system\postRender</Filter>
    </ClCompile>
    <ClCompile Include="engine\code\ECS\system\postRender\GrayscaleEffect.cpp">
      <Filter>engine\code\ECS\system\postRender</Filter>
    </ClCompile>
    <ClCompile Include="engine\code\ECS\system\postRender\RadialBlurEffect.cpp">
      <Filter>engine\code\ECS\system\postRender</Filter>
    </ClCompile>
    <ClCompile Include="engine\code\ECS\system\postRender\RandomEffect.cpp">
      <Filter>engine\code\ECS\system\postRender</Filter>
    </ClCompile>
    <ClCompile Include="engine\code\ECS\system\postRender\SmoothingEffect.cpp">
      <Filter>engine\code\ECS\system\postRender</Filter>
    </ClCompile>
    <ClCompile Include="engine\code\ECS\system\postRender\SpeedlineEffect.cpp">
      <Filter>engine\code\ECS\system\postRender</Filter>
    </ClCompile>
    <ClCompile Include="engine\code\ECS\system\postRender\SubSceneRender.cpp">
      <Filter>engine\code\ECS\system\postRender</Filter>
    </ClCompile>
    <ClCompile Include="engine\code\ECS\system\postRender\VignetteEffect.cpp">
      <Filter>engine\code\ECS\system\postRender</Filter>
    </ClCompile>
    <ClCompile Include="engine\code\ECS\system\render\BackGroundSpriteRenderSystem.cpp">
      <Filter>engine\code\ECS\system\render</Filter>
    </ClCompile>
    <ClCompile Include="engine\code\ECS\system\render\ColliderRenderingSystem.cpp">
      <Filter>engine\code\ECS\system\render</Filter>
    </ClCompile>
    <ClCompile Include="engine\code\ECS\system\render\GpuParticleRenderSystem.cpp">
      <Filter>engine\code\ECS\system\render</Filter>
    </ClCompile>
    <ClCompile Include="engine\code\ECS\system\render\LineRenderSystem.cpp">
      <Filter>engine\code\ECS\system\render</Filter>
    </ClCompile>
    <ClCompile Include="engine\code\ECS\system\render\ParticleRenderSystem.cpp">
      <Filter>engine\code\ECS\system\render</Filter>
    </ClCompile>
    <ClCompile Include="engine\code\ECS\system\render\SkeletonRenderSystem.cpp">
      <Filter>engine\code\ECS\system\render</Filter>
    </ClCompile>
    <ClCompile Include="engine\code\ECS\system\render\SkinningMeshRenderSystem.cpp">
      <Filter>engine\code\ECS\system\render</Filter>
    </ClCompile>
    <ClCompile Include="engine\code\ECS\system\render\SkyboxRender.cpp">
      <Filter>engine\code\ECS\system\render</Filter>
    </ClCompile>
    <ClCompile Include="engine\code\ECS\system\render\SpriteRenderSystem.cpp">
      <Filter>engine\code\ECS\system\render</Filter>
    </ClCompile>
    <ClCompile Include="engine\code\ECS\system\render\TexturedMeshRenderSystem.cpp">
      <Filter>engine\code\ECS\system\render</Filter>
    </ClCompile>
    <ClCompile Include="engine\code\ECS\system\render\VelocityRenderingSystem.cpp">
      <Filter>engine\code\ECS\system\render</Filter>
    </ClCompile>
    <ClCompile Include="engine\code\Engine.cpp">
      <Filter>engine\code</Filter>
    </ClCompile>
    <ClCompile Include="engine\code\audio\Audio.cpp">
      <Filter>engine\code\audio</Filter>
    </ClCompile>
    <ClCompile Include="engine\code\camera\CameraManager.cpp">
      <Filter>engine\code\camera</Filter>
    </ClCompile>
    <ClCompile Include="engine\code\camera\debugCamera\DebugCamera.cpp">
      <Filter>engine\code\camera\debugCamera</Filter>
    </ClCompile>
    <ClCompile Include="engine\code\directX12\DxCommand.cpp">
      <Filter>engine\code\directX12</Filter>
    </ClCompile>
    <ClCompile Include="engine\code\directX12\DxDebug.cpp">
      <Filter>engine\code\directX12</Filter>
    </ClCompile>
    <ClCompile Include="engine\code\directX12\DxDescriptor.cpp">
      <Filter>engine\code\directX12</Filter>
    </ClCompile>
    <ClCompile Include="engine\code\directX12\DxDevice.cpp">
      <Filter>engine\code\directX12</Filter>
    </ClCompile>
    <ClCompile Include="engine\code\directX12\DxFence.cpp">
      <Filter>engine\code\directX12</Filter>
    </ClCompile>
    <ClCompile Include="engine\code\directX12\DxFunctionHelper.cpp">
      <Filter>engine\code\directX12</Filter>
    </ClCompile>
    <ClCompile Include="engine\code\directX12\DxResource.cpp">
      <Filter>engine\code\directX12</Filter>
    </ClCompile>
    <ClCompile Include="engine\code\directX12\DxSwapChain.cpp">
      <Filter>engine\code\directX12</Filter>
    </ClCompile>
    <ClCompile Include="engine\code\directX12\PipelineStateObj.cpp">
      <Filter>engine\code\directX12</Filter>
    </ClCompile>
    <ClCompile Include="engine\code\directX12\RenderTexture.cpp">
      <Filter>engine\code\directX12</Filter>
    </ClCompile>
    <ClCompile Include="engine\code\directX12\ResourceStateTracker.cpp">
      <Filter>engine\code\directX12</Filter>
    </ClCompile>
    <ClCompile Include="engine\code\directX12\ShaderCompiler.cpp">
      <Filter>engine\code\directX12</Filter>
    </ClCompile>
    <ClCompile Include="engine\code\directX12\ShaderManager.cpp">
      <Filter>engine\code\directX12</Filter>
    </ClCompile>
    <ClCompile Include="engine\code\imGuiManager\ImGuiManager.cpp">
      <Filter>engine\code\imGuiManager</Filter>
    </ClCompile>
    <ClCompile Include="engine\code\input\Input.cpp">
      <Filter>engine\code\input</Filter>
    </ClCompile>
    <ClCompile Include="engine\code\logger\Logger.cpp">
      <Filter>engine\code\logger</Filter>
    </ClCompile>
    <ClCompile Include="engine\code\model\Model.cpp">
      <Filter>engine\code\model</Filter>
    </ClCompile>
    <ClCompile Include="engine\code\model\ModelManager.cpp">
      <Filter>engine\code\model</Filter>
    </ClCompile>
    <ClCompile Include="engine\code\scene\Scene.cpp">
      <Filter>engine\code\scene</Filter>
    </ClCompile>
    <ClCompile Include="engine\code\scene\SceneManager.cpp">
      <Filter>engine\code\scene</Filter>
    </ClCompile>
    <ClCompile Include="engine\code\texture\TextureManager.cpp">
      <Filter>engine\code\texture</Filter>
    </ClCompile>
    <ClCompile Include="engine\code\winApp\WinApp.cpp">
      <Filter>engine\code\winApp</Filter>
    </ClCompile>
    <ClCompile Include="geometry\base\GeometryType.cpp">
      <Filter>geometry\base</Filter>
    </ClCompile>
    <ClCompile Include="math\Matrix4x4.cpp">
      <Filter>math</Filter>
    </ClCompile>
    <ClCompile Include="math\MyEasing.cpp">
      <Filter>math</Filter>
    </ClCompile>
    <ClCompile Include="math\Orientation.cpp">
      <Filter>math</Filter>
    </ClCompile>
    <ClCompile Include="math\Quaternion.cpp">
      <Filter>math</Filter>
    </ClCompile>
    <ClCompile Include="math\Sequence.cpp">
      <Filter>math</Filter>
    </ClCompile>
    <ClCompile Include="util\ConvertString.cpp">
      <Filter>util</Filter>
    </ClCompile>
    <ClCompile Include="util\NormalizeString.cpp">
      <Filter>util</Filter>
    </ClCompile>
    <ClCompile Include="util\binaryIO\BinaryIO.cpp">
      <Filter>util\binaryIO</Filter>
    </ClCompile>
    <ClCompile Include="util\deltaTime\DeltaTime.cpp">
      <Filter>util\deltaTime</Filter>
    </ClCompile>
    <ClCompile Include="util\globalVariables\GlobalVariables.cpp">
      <Filter>util\globalVariables</Filter>
    </ClCompile>
    <ClCompile Include="util\myFileSystem\MyFileSystem.cpp">
      <Filter>util\myFileSystem</Filter>
    </ClCompile>
    <ClCompile Include="util\myGui\MyGui.cpp">
      <Filter>util\myGui</Filter>
    </ClCompile>
    <ClCompile Include="util\timeline\Timeline.cpp">
      <Filter>util\timeline</Filter>
    </ClCompile>
    <ClCompile Include="math\mathEnv.cpp" />
    <ClCompile Include="engine\code\directX12\BlendMode.cpp" />
    <ClCompile Include="math\Interpolation.cpp" />
    <ClCompile Include="engine\code\ECS\system\render\base\BaseRenderSystem.cpp" />
  </ItemGroup>
</Project>