<?xml version="1.0" encoding="utf-8"?>
<Project ToolsVersion="4.0" xmlns="http://schemas.microsoft.com/developer/msbuild/2003">
  <ItemGroup>
    <Filter Include="engine">
      <UniqueIdentifier>{FBDB78FB-E77D-A3D1-D038-B725BC792A22}</UniqueIdentifier>
    </Filter>
    <Filter Include="engine\code">
      <UniqueIdentifier>{853F430D-F1F4-BB02-7AE9-B5D9E69DB206}</UniqueIdentifier>
    </Filter>
    <Filter Include="engine\code\ECS">
      <UniqueIdentifier>{4F6E4C74-BBF9-B938-C40A-3D2D30151639}</UniqueIdentifier>
    </Filter>
    <Filter Include="engine\code\animation">
      <UniqueIdentifier>{D4022BD4-406F-E6CE-0963-7E2C758E0837}</UniqueIdentifier>
    </Filter>
    <Filter Include="engine\code\assets">
      <UniqueIdentifier>{E7521122-D336-D277-3C97-CCCA289ABCF9}</UniqueIdentifier>
    </Filter>
    <Filter Include="engine\code\audio">
      <UniqueIdentifier>{66AD37BB-D2C3-3551-1B3B-C172879006D9}</UniqueIdentifier>
    </Filter>
    <Filter Include="engine\code\camera">
      <UniqueIdentifier>{7DA07225-6984-337B-D2E4-2DCEBEE71DFD}</UniqueIdentifier>
    </Filter>
    <Filter Include="engine\code\camera\debugCamera">
      <UniqueIdentifier>{1CE4A4E2-080A-6F49-F14F-F414DD149415}</UniqueIdentifier>
    </Filter>
    <Filter Include="engine\code\camera\gameCamera">
      <UniqueIdentifier>{EFBDF374-5BD6-DA9E-2483-6A38905A6F38}</UniqueIdentifier>
    </Filter>
    <Filter Include="engine\code\component">
      <UniqueIdentifier>{472248E5-B38E-03E0-7C82-9B3DE8AD2548}</UniqueIdentifier>
    </Filter>
    <Filter Include="engine\code\component\collider">
      <UniqueIdentifier>{04D11501-F0F6-DF67-D93C-6533C5010534}</UniqueIdentifier>
    </Filter>
    <Filter Include="engine\code\component\effect">
      <UniqueIdentifier>{4388C97D-2F43-B929-D8FA-3174C49403BA}</UniqueIdentifier>
    </Filter>
    <Filter Include="engine\code\component\effect\particle">
      <UniqueIdentifier>{C6E397B8-32A8-96A8-FB0D-C772679132DE}</UniqueIdentifier>
    </Filter>
    <Filter Include="engine\code\component\effect\particle\emitter">
      <UniqueIdentifier>{8F47CA94-FBB7-CC0D-C4D6-46963006050F}</UniqueIdentifier>
    </Filter>
    <Filter Include="engine\code\component\effect\primitive">
      <UniqueIdentifier>{8B88DCB6-77DA-B3A6-60F9-F0B64CEACC8F}</UniqueIdentifier>
    </Filter>
    <Filter Include="engine\code\component\material">
      <UniqueIdentifier>{E56C2818-D192-F27E-BAD8-774AA69D174B}</UniqueIdentifier>
    </Filter>
    <Filter Include="engine\code\component\material\light">
      <UniqueIdentifier>{6CE82179-58CF-E370-0120-4A8EEDE55CD7}</UniqueIdentifier>
    </Filter>
    <Filter Include="engine\code\component\physics">
      <UniqueIdentifier>{D914C58B-452D-ACB5-0EDA-3B4F7AB1404F}</UniqueIdentifier>
    </Filter>
    <Filter Include="engine\code\component\renderer">
      <UniqueIdentifier>{ED8142DB-D9A7-0C42-C2ED-910DAEB2310E}</UniqueIdentifier>
    </Filter>
    <Filter Include="engine\code\component\transform">
      <UniqueIdentifier>{F2DE785B-5EC2-879B-67C5-B5D7D3274EEC}</UniqueIdentifier>
    </Filter>
    <Filter Include="engine\code\directX12">
      <UniqueIdentifier>{AAEB9D36-1658-5931-DF4B-F18E4B777B99}</UniqueIdentifier>
    </Filter>
    <Filter Include="engine\code\iScene">
      <UniqueIdentifier>{EBC06E32-D7A4-2F88-4005-2ADB2C081A0A}</UniqueIdentifier>
    </Filter>
    <Filter Include="engine\code\input">
      <UniqueIdentifier>{64CFC4BB-D0E5-C251-195D-4E7385B293D9}</UniqueIdentifier>
    </Filter>
    <Filter Include="engine\code\model">
      <UniqueIdentifier>{A5880DBC-119F-0B52-5A16-9773C66BDCD9}</UniqueIdentifier>
    </Filter>
    <Filter Include="engine\code\module">
      <UniqueIdentifier>{BAE1BE3D-A6C5-7F93-0F26-7AE6FB286A15}</UniqueIdentifier>
    </Filter>
    <Filter Include="engine\code\module\debugger">
      <UniqueIdentifier>{6E511CC5-DA5E-4AAB-6345-4696CF511662}</UniqueIdentifier>
    </Filter>
    <Filter Include="engine\code\module\editor">
      <UniqueIdentifier>{D0BDC334-3C80-F7BE-8530-864BF131D09C}</UniqueIdentifier>
    </Filter>
    <Filter Include="engine\code\object3d">
      <UniqueIdentifier>{428FA5A5-2E1E-2F6F-D73C-436AC3AA3F15}</UniqueIdentifier>
    </Filter>
    <Filter Include="engine\code\sceneManager">
      <UniqueIdentifier>{1D4D72E8-0972-C168-32BD-A6F81E41C086}</UniqueIdentifier>
    </Filter>
    <Filter Include="engine\code\system">
      <UniqueIdentifier>{19FF7A4C-05E3-3BA2-6E43-36F55A462624}</UniqueIdentifier>
    </Filter>
    <Filter Include="engine\code\system\collision">
      <UniqueIdentifier>{94C75AC3-8082-4A6F-293A-C3B915D494FF}</UniqueIdentifier>
    </Filter>
    <Filter Include="engine\code\system\effect">
      <UniqueIdentifier>{D584ADF9-4147-E183-8AF7-6F10F6F8B961}</UniqueIdentifier>
    </Filter>
    <Filter Include="engine\code\system\movement">
      <UniqueIdentifier>{93AC5457-FFB9-823D-88A0-7E28F4AC4EF4}</UniqueIdentifier>
    </Filter>
    <Filter Include="engine\code\system\postRender">
      <UniqueIdentifier>{CE613A0A-3A7A-2134-0327-B1CD6FFEB5CD}</UniqueIdentifier>
    </Filter>
    <Filter Include="engine\code\system\render">
      <UniqueIdentifier>{88DBF217-F49D-26A2-3D4E-B52EA94FFF7F}</UniqueIdentifier>
    </Filter>
    <Filter Include="engine\code\texture">
      <UniqueIdentifier>{05B288FA-7113-6608-FA80-ACBA66E19CC7}</UniqueIdentifier>
    </Filter>
    <Filter Include="lib">
      <UniqueIdentifier>{3C8C880B-A895-887C-3111-9F7C9D19947C}</UniqueIdentifier>
    </Filter>
    <Filter Include="lib\Thread">
      <UniqueIdentifier>{239FDD0F-0F57-1F5D-785E-F8B86435BA4D}</UniqueIdentifier>
    </Filter>
    <Filter Include="lib\animationEditor">
      <UniqueIdentifier>{52C27DF5-BE23-5B03-4791-A1B5B3F191C2}</UniqueIdentifier>
    </Filter>
    <Filter Include="lib\binaryIO">
      <UniqueIdentifier>{E885C2AC-D4E8-5151-7D6E-8A0769B01DD4}</UniqueIdentifier>
    </Filter>
    <Filter Include="lib\deltaTime">
      <UniqueIdentifier>{A4FD1A0E-10BE-9644-D9F8-DFC14578DB20}</UniqueIdentifier>
    </Filter>
    <Filter Include="lib\globalVariables">
      <UniqueIdentifier>{35EDECEA-A14E-CAF8-2ABC-10AB961C01B8}</UniqueIdentifier>
    </Filter>
    <Filter Include="lib\imGuiManager">
      <UniqueIdentifier>{A1222B4E-8D1B-4AA0-B64D-2F25A2A529AC}</UniqueIdentifier>
    </Filter>
    <Filter Include="lib\logger">
      <UniqueIdentifier>{AB1A5248-97D2-9395-00DA-6CF1ECB02E86}</UniqueIdentifier>
    </Filter>
    <Filter Include="lib\myFileSystem">
      <UniqueIdentifier>{9655D5B4-824E-F406-AB80-D98B97D8D312}</UniqueIdentifier>
    </Filter>
    <Filter Include="lib\myGui">
      <UniqueIdentifier>{164502EB-82AF-B661-CBED-6707379794B6}</UniqueIdentifier>
    </Filter>
    <Filter Include="lib\myRandom">
      <UniqueIdentifier>{3280E761-1EE3-7606-C768-AFBCB3AA4289}</UniqueIdentifier>
    </Filter>
    <Filter Include="lib\node">
      <UniqueIdentifier>{914846A2-7D15-A1AD-A62E-8F55925AD63B}</UniqueIdentifier>
    </Filter>
    <Filter Include="lib\winApp">
      <UniqueIdentifier>{FA7C9161-E634-D3AE-4F3C-AC0A3B136E9F}</UniqueIdentifier>
    </Filter>
    <Filter Include="math">
      <UniqueIdentifier>{CF809A7C-BBB7-9B0D-64A4-811050BA170F}</UniqueIdentifier>
    </Filter>
    <Filter Include="math\shape">
      <UniqueIdentifier>{6FCACFDA-5B82-1128-C489-EA83B060AC18}</UniqueIdentifier>
    </Filter>
    <Filter Include="util">
      <UniqueIdentifier>{43339F7C-2F6A-A00D-D856-8610C46C1C0F}</UniqueIdentifier>
    </Filter>
  </ItemGroup>
  <ItemGroup>
    <ClInclude Include="engine\EngineInclude.h">
      <Filter>engine</Filter>
    </ClInclude>
    <ClInclude Include="engine\code\ECS\ECSDebugger.h">
      <Filter>engine\code\ECS</Filter>
    </ClInclude>
    <ClInclude Include="engine\code\ECS\ECSEditor.h">
      <Filter>engine\code\ECS</Filter>
    </ClInclude>
    <ClInclude Include="engine\code\ECS\ECSManager.h">
      <Filter>engine\code\ECS</Filter>
    </ClInclude>
    <ClInclude Include="engine\code\ECS\Entity.h">
      <Filter>engine\code\ECS</Filter>
    </ClInclude>
    <ClInclude Include="engine\code\Engine.h">
      <Filter>engine\code</Filter>
    </ClInclude>
    <ClInclude Include="engine\code\component\animation\ModelNodeAnimation.h">
      <Filter>engine\code\animation</Filter>
    </ClInclude>
    <ClInclude Include="engine\code\component\animation\AnimationManager.h">
      <Filter>engine\code\animation</Filter>
    </ClInclude>
    <ClInclude Include="engine\code\assets\IAsset.h">
      <Filter>engine\code\assets</Filter>
    </ClInclude>
    <ClInclude Include="engine\code\audio\Audio.h">
      <Filter>engine\code\audio</Filter>
    </ClInclude>
    <ClInclude Include="engine\code\camera\CameraManager.h">
      <Filter>engine\code\camera</Filter>
    </ClInclude>
    <ClInclude Include="engine\code\camera\debugCamera\DebugCamera.h">
      <Filter>engine\code\camera\debugCamera</Filter>
    </ClInclude>
    <ClInclude Include="engine\code\camera\gameCamera\GameCamera.h">
      <Filter>engine\code\camera\gameCamera</Filter>
    </ClInclude>
    <ClInclude Include="engine\code\component\ComponentArray.h">
      <Filter>engine\code\component</Filter>
    </ClInclude>
    <ClInclude Include="engine\code\component\IComponent.h">
      <Filter>engine\code\component</Filter>
    </ClInclude>
    <ClInclude Include="engine\code\component\collider\Collider.h">
      <Filter>engine\code\component\collider</Filter>
    </ClInclude>
    <ClInclude Include="engine\code\component\effect\particle\Particle.h">
      <Filter>engine\code\component\effect\particle</Filter>
    </ClInclude>
    <ClInclude Include="engine\code\component\effect\particle\emitter\Emitter.h">
      <Filter>engine\code\component\effect\particle\emitter</Filter>
    </ClInclude>
    <ClInclude Include="engine\code\component\effect\particle\emitter\EmitterShape.h">
      <Filter>engine\code\component\effect\particle\emitter</Filter>
    </ClInclude>
    <ClInclude Include="engine\code\component\renderer\primitive\Primitive.h">
      <Filter>engine\code\component\effect\primitive</Filter>
    </ClInclude>
    <ClInclude Include="engine\code\component\material\Material.h">
      <Filter>engine\code\component\material</Filter>
    </ClInclude>
    <ClInclude Include="engine\code\component\material\light\DirectionalLight.h">
      <Filter>engine\code\component\material\light</Filter>
    </ClInclude>
    <ClInclude Include="engine\code\component\material\light\LightManager.h">
      <Filter>engine\code\component\material\light</Filter>
    </ClInclude>
    <ClInclude Include="engine\code\component\material\light\PointLight.h">
      <Filter>engine\code\component\material\light</Filter>
    </ClInclude>
    <ClInclude Include="engine\code\component\material\light\SpotLight.h">
      <Filter>engine\code\component\material\light</Filter>
    </ClInclude>
    <ClInclude Include="engine\code\component\physics\Rigidbody.h">
      <Filter>engine\code\component\physics</Filter>
    </ClInclude>
    <ClInclude Include="engine\code\component\renderer\MeshRenderer.h">
      <Filter>engine\code\component\renderer</Filter>
    </ClInclude>
    <ClInclude Include="engine\code\component\renderer\Sprite.h">
      <Filter>engine\code\component\renderer</Filter>
    </ClInclude>
    <ClInclude Include="engine\code\component\transform\CameraTransform.h">
      <Filter>engine\code\component\transform</Filter>
    </ClInclude>
    <ClInclude Include="engine\code\component\transform\ParticleTransform.h">
      <Filter>engine\code\component\transform</Filter>
    </ClInclude>
    <ClInclude Include="engine\code\component\transform\Transform.h">
      <Filter>engine\code\component\transform</Filter>
    </ClInclude>
    <ClInclude Include="engine\code\directX12\DxCommand.h">
      <Filter>engine\code\directX12</Filter>
    </ClInclude>
    <ClInclude Include="engine\code\directX12\DxDebug.h">
      <Filter>engine\code\directX12</Filter>
    </ClInclude>
    <ClInclude Include="engine\code\directX12\DxDevice.h">
      <Filter>engine\code\directX12</Filter>
    </ClInclude>
    <ClInclude Include="engine\code\directX12\DxDsv.h">
      <Filter>engine\code\directX12</Filter>
    </ClInclude>
    <ClInclude Include="engine\code\directX12\DxFence.h">
      <Filter>engine\code\directX12</Filter>
    </ClInclude>
    <ClInclude Include="engine\code\directX12\DxFunctionHelper.h">
      <Filter>engine\code\directX12</Filter>
    </ClInclude>
    <ClInclude Include="engine\code\directX12\DxHeap.h">
      <Filter>engine\code\directX12</Filter>
    </ClInclude>
    <ClInclude Include="engine\code\directX12\DxResource.h">
      <Filter>engine\code\directX12</Filter>
    </ClInclude>
    <ClInclude Include="engine\code\directX12\DxRtvArray.h">
      <Filter>engine\code\directX12</Filter>
    </ClInclude>
    <ClInclude Include="engine\code\directX12\DxRtvArrayManager.h">
      <Filter>engine\code\directX12</Filter>
    </ClInclude>
    <ClInclude Include="engine\code\directX12\DxSrvArray.h">
      <Filter>engine\code\directX12</Filter>
    </ClInclude>
    <ClInclude Include="engine\code\directX12\DxSrvArrayManager.h">
      <Filter>engine\code\directX12</Filter>
    </ClInclude>
    <ClInclude Include="engine\code\directX12\DxSwapChain.h">
      <Filter>engine\code\directX12</Filter>
    </ClInclude>
    <ClInclude Include="engine\code\directX12\IConstantBuffer.h">
      <Filter>engine\code\directX12</Filter>
    </ClInclude>
    <ClInclude Include="engine\code\directX12\IStructuredBuffer.h">
      <Filter>engine\code\directX12</Filter>
    </ClInclude>
    <ClInclude Include="engine\code\directX12\Mesh.h">
      <Filter>engine\code\directX12</Filter>
    </ClInclude>
    <ClInclude Include="engine\code\directX12\PipelineStateObj.h">
      <Filter>engine\code\directX12</Filter>
    </ClInclude>
    <ClInclude Include="engine\code\directX12\RenderTexture.h">
      <Filter>engine\code\directX12</Filter>
    </ClInclude>
    <ClInclude Include="engine\code\directX12\ResourceBarrierManager.h">
      <Filter>engine\code\directX12</Filter>
    </ClInclude>
    <ClInclude Include="engine\code\directX12\ShaderCompiler.h">
      <Filter>engine\code\directX12</Filter>
    </ClInclude>
    <ClInclude Include="engine\code\directX12\ShaderManager.h">
      <Filter>engine\code\directX12</Filter>
    </ClInclude>
    <ClInclude Include="engine\code\iScene\IScene.h">
      <Filter>engine\code\iScene</Filter>
    </ClInclude>
    <ClInclude Include="engine\code\input\Input.h">
      <Filter>engine\code\input</Filter>
    </ClInclude>
    <ClInclude Include="engine\code\model\Model.h">
      <Filter>engine\code\model</Filter>
    </ClInclude>
    <ClInclude Include="engine\code\model\ModelManager.h">
      <Filter>engine\code\model</Filter>
    </ClInclude>
    <ClInclude Include="engine\code\module\IModule.h">
      <Filter>engine\code\module</Filter>
    </ClInclude>
    <ClInclude Include="engine\code\module\debugger\DebuggerGroup.h">
      <Filter>engine\code\module\debugger</Filter>
    </ClInclude>
    <ClInclude Include="engine\code\module\debugger\IDebugger.h">
      <Filter>engine\code\module\debugger</Filter>
    </ClInclude>
    <ClInclude Include="engine\code\module\editor\EditorGroup.h">
      <Filter>engine\code\module\editor</Filter>
    </ClInclude>
    <ClInclude Include="engine\code\module\editor\IEditor.h">
      <Filter>engine\code\module\editor</Filter>
    </ClInclude>
    <ClInclude Include="engine\code\sceneManager\SceneManager.h">
      <Filter>engine\code\sceneManager</Filter>
    </ClInclude>
    <ClInclude Include="engine\code\system\ISystem.h">
      <Filter>engine\code\system</Filter>
    </ClInclude>
    <ClInclude Include="engine\code\system\collision\CollisionCheckSystem.h">
      <Filter>engine\code\system\collision</Filter>
    </ClInclude>
    <ClInclude Include="engine\code\system\effect\EmitterWorkSystem.h">
      <Filter>engine\code\system\effect</Filter>
    </ClInclude>
    <ClInclude Include="engine\code\system\movement\MoveSystemByRigidBody.h">
      <Filter>engine\code\system\movement</Filter>
    </ClInclude>
    <ClInclude Include="engine\code\system\postRender\GrayscaleEffect.h">
      <Filter>engine\code\system\postRender</Filter>
    </ClInclude>
    <ClInclude Include="engine\code\system\render\ColliderRenderingSystem.h">
      <Filter>engine\code\system\render</Filter>
    </ClInclude>
    <ClInclude Include="engine\code\system\render\LineRenderSystem.h">
      <Filter>engine\code\system\render</Filter>
    </ClInclude>
    <ClInclude Include="engine\code\system\render\ParticleRenderSystem.h">
      <Filter>engine\code\system\render</Filter>
    </ClInclude>
    <ClInclude Include="engine\code\system\render\SpriteRenderSystem.h">
      <Filter>engine\code\system\render</Filter>
    </ClInclude>
    <ClInclude Include="engine\code\system\render\TexturedMeshRenderSystem.h">
      <Filter>engine\code\system\render</Filter>
    </ClInclude>
    <ClInclude Include="engine\code\texture\TextureManager.h">
      <Filter>engine\code\texture</Filter>
    </ClInclude>
    <ClInclude Include="lib\Thread\Thread.h">
      <Filter>lib\Thread</Filter>
    </ClInclude>
    <ClInclude Include="lib\deltaTime\DeltaTime.h">
      <Filter>lib\deltaTime</Filter>
    </ClInclude>
    <ClInclude Include="lib\globalVariables\GlobalVariables.h">
      <Filter>lib\globalVariables</Filter>
    </ClInclude>
    <ClInclude Include="lib\globalVariables\SerializedField.h">
      <Filter>lib\globalVariables</Filter>
    </ClInclude>
    <ClInclude Include="lib\imGuiManager\ImGuiManager.h">
      <Filter>lib\imGuiManager</Filter>
    </ClInclude>
    <ClInclude Include="lib\logger\ImGuiLogSink.h">
      <Filter>lib\logger</Filter>
    </ClInclude>
    <ClInclude Include="lib\logger\Logger.h">
      <Filter>lib\logger</Filter>
    </ClInclude>
    <ClInclude Include="lib\myFileSystem\MyFileSystem.h">
      <Filter>lib\myFileSystem</Filter>
    </ClInclude>
    <ClInclude Include="lib\myRandom\MyRandom.h">
      <Filter>lib\myRandom</Filter>
    </ClInclude>
    <ClInclude Include="lib\node\DefaultNodes.h">
      <Filter>lib\node</Filter>
    </ClInclude>
    <ClInclude Include="lib\node\OperatorNodes.h">
      <Filter>lib\node</Filter>
    </ClInclude>
    <ClInclude Include="lib\winApp\WinApp.h">
      <Filter>lib\winApp</Filter>
    </ClInclude>
    <ClInclude Include="math\Matrix4x4.h">
      <Filter>math</Filter>
    </ClInclude>
    <ClInclude Include="math\MyEasing.h">
      <Filter>math</Filter>
    </ClInclude>
    <ClInclude Include="math\Quaternion.h">
      <Filter>math</Filter>
    </ClInclude>
    <ClInclude Include="math\Vector.h">
      <Filter>math</Filter>
    </ClInclude>
    <ClInclude Include="math\Vector2.h">
      <Filter>math</Filter>
    </ClInclude>
    <ClInclude Include="math\Vector3.h">
      <Filter>math</Filter>
    </ClInclude>
    <ClInclude Include="math\Vector4.h">
      <Filter>math</Filter>
    </ClInclude>
    <ClInclude Include="math\shape\Shapes.h">
      <Filter>math\shape</Filter>
    </ClInclude>
    <ClInclude Include="util\ConvertString.h">
      <Filter>util</Filter>
    </ClInclude>
    <ClInclude Include="util\nameof.h">
      <Filter>util</Filter>
    </ClInclude>
    <ClInclude Include="util\timeline\Timeline.h" />
    <ClInclude Include="engine\code\component\animation\PrimitiveNodeAnimation.h" />
    <ClInclude Include="engine\code\system\effect\PrimitiveNodeAnimationWorkSystem.h" />
    <ClInclude Include="engine\code\system\postRender\VignetteEffect.h" />
    <ClInclude Include="engine\code\system\postRender\SmoothingEffect.h" />
    <ClInclude Include="engine\code\component\animation\ModelNodeAnimation.h" />
    <ClInclude Include="engine\code\component\animation\AnimationManager.h" />
    <ClInclude Include="lib\myGui\MyGui.h" />
  </ItemGroup>
  <ItemGroup>
    <ClCompile Include="engine\code\ECS\ECSDebugger.cpp">
      <Filter>engine\code\ECS</Filter>
    </ClCompile>
    <ClCompile Include="engine\code\ECS\ECSEditor.cpp">
      <Filter>engine\code\ECS</Filter>
    </ClCompile>
    <ClCompile Include="engine\code\ECS\ECSManager.cpp">
      <Filter>engine\code\ECS</Filter>
    </ClCompile>
    <ClCompile Include="engine\code\Engine.cpp">
      <Filter>engine\code</Filter>
    </ClCompile>
    <ClCompile Include="engine\code\component\animation\ModelNodeAnimation.cpp">
      <Filter>engine\code\animation</Filter>
    </ClCompile>
    <ClCompile Include="engine\code\component\animation\AnimationManager.cpp">
      <Filter>engine\code\animation</Filter>
    </ClCompile>
    <ClCompile Include="engine\code\assets\IAsset.cpp">
      <Filter>engine\code\assets</Filter>
    </ClCompile>
    <ClCompile Include="engine\code\audio\Audio.cpp">
      <Filter>engine\code\audio</Filter>
    </ClCompile>
    <ClCompile Include="engine\code\camera\CameraManager.cpp">
      <Filter>engine\code\camera</Filter>
    </ClCompile>
    <ClCompile Include="engine\code\camera\debugCamera\DebugCamera.cpp">
      <Filter>engine\code\camera\debugCamera</Filter>
    </ClCompile>
    <ClCompile Include="engine\code\camera\gameCamera\GameCamera.cpp">
      <Filter>engine\code\camera\gameCamera</Filter>
    </ClCompile>
    <ClCompile Include="engine\code\component\IComponent.cpp">
      <Filter>engine\code\component</Filter>
    </ClCompile>
    <ClCompile Include="engine\code\component\collider\Collider.cpp">
      <Filter>engine\code\component\collider</Filter>
    </ClCompile>
    <ClCompile Include="engine\code\component\effect\particle\Particle.cpp">
      <Filter>engine\code\component\effect\particle</Filter>
    </ClCompile>
    <ClCompile Include="engine\code\component\effect\particle\emitter\Emitter.cpp">
      <Filter>engine\code\component\effect\particle\emitter</Filter>
    </ClCompile>
    <ClCompile Include="engine\code\component\effect\particle\emitter\EmitterShape.cpp">
      <Filter>engine\code\component\effect\particle\emitter</Filter>
    </ClCompile>
    <ClCompile Include="engine\code\component\renderer\primitive\Primitive.cpp">
      <Filter>engine\code\component\effect\primitive</Filter>
    </ClCompile>
    <ClCompile Include="engine\code\component\material\Material.cpp">
      <Filter>engine\code\component\material</Filter>
    </ClCompile>
    <ClCompile Include="engine\code\component\material\light\DirectionalLight.cpp">
      <Filter>engine\code\component\material\light</Filter>
    </ClCompile>
    <ClCompile Include="engine\code\component\material\light\LightManager.cpp">
      <Filter>engine\code\component\material\light</Filter>
    </ClCompile>
    <ClCompile Include="engine\code\component\material\light\PointLight.cpp">
      <Filter>engine\code\component\material\light</Filter>
    </ClCompile>
    <ClCompile Include="engine\code\component\material\light\SpotLight.cpp">
      <Filter>engine\code\component\material\light</Filter>
    </ClCompile>
    <ClCompile Include="engine\code\component\physics\Rigidbody.cpp">
      <Filter>engine\code\component\physics</Filter>
    </ClCompile>
    <ClCompile Include="engine\code\component\renderer\MeshRenderer.cpp">
      <Filter>engine\code\component\renderer</Filter>
    </ClCompile>
    <ClCompile Include="engine\code\component\renderer\Sprite.cpp">
      <Filter>engine\code\component\renderer</Filter>
    </ClCompile>
    <ClCompile Include="engine\code\component\transform\CameraTransform.cpp">
      <Filter>engine\code\component\transform</Filter>
    </ClCompile>
    <ClCompile Include="engine\code\component\transform\ParticleTransform.cpp">
      <Filter>engine\code\component\transform</Filter>
    </ClCompile>
    <ClCompile Include="engine\code\component\transform\Transform.cpp">
      <Filter>engine\code\component\transform</Filter>
    </ClCompile>
    <ClCompile Include="engine\code\directX12\DxCommand.cpp">
      <Filter>engine\code\directX12</Filter>
    </ClCompile>
    <ClCompile Include="engine\code\directX12\DxDebug.cpp">
      <Filter>engine\code\directX12</Filter>
    </ClCompile>
    <ClCompile Include="engine\code\directX12\DxDevice.cpp">
      <Filter>engine\code\directX12</Filter>
    </ClCompile>
    <ClCompile Include="engine\code\directX12\DxDsv.cpp">
      <Filter>engine\code\directX12</Filter>
    </ClCompile>
    <ClCompile Include="engine\code\directX12\DxFence.cpp">
      <Filter>engine\code\directX12</Filter>
    </ClCompile>
    <ClCompile Include="engine\code\directX12\DxFunctionHelper.cpp">
      <Filter>engine\code\directX12</Filter>
    </ClCompile>
    <ClCompile Include="engine\code\directX12\DxHeap.cpp">
      <Filter>engine\code\directX12</Filter>
    </ClCompile>
    <ClCompile Include="engine\code\directX12\DxResource.cpp">
      <Filter>engine\code\directX12</Filter>
    </ClCompile>
    <ClCompile Include="engine\code\directX12\DxRtvArray.cpp">
      <Filter>engine\code\directX12</Filter>
    </ClCompile>
    <ClCompile Include="engine\code\directX12\DxRtvArrayManager.cpp">
      <Filter>engine\code\directX12</Filter>
    </ClCompile>
    <ClCompile Include="engine\code\directX12\DxSrvArray.cpp">
      <Filter>engine\code\directX12</Filter>
    </ClCompile>
    <ClCompile Include="engine\code\directX12\DxSrvArrayManager.cpp">
      <Filter>engine\code\directX12</Filter>
    </ClCompile>
    <ClCompile Include="engine\code\directX12\DxSwapChain.cpp">
      <Filter>engine\code\directX12</Filter>
    </ClCompile>
    <ClCompile Include="engine\code\directX12\PipelineStateObj.cpp">
      <Filter>engine\code\directX12</Filter>
    </ClCompile>
    <ClCompile Include="engine\code\directX12\RenderTexture.cpp">
      <Filter>engine\code\directX12</Filter>
    </ClCompile>
    <ClCompile Include="engine\code\directX12\ResourceBarrierManager.cpp">
      <Filter>engine\code\directX12</Filter>
    </ClCompile>
    <ClCompile Include="engine\code\directX12\ShaderCompiler.cpp">
      <Filter>engine\code\directX12</Filter>
    </ClCompile>
    <ClCompile Include="engine\code\directX12\ShaderManager.cpp">
      <Filter>engine\code\directX12</Filter>
    </ClCompile>
    <ClCompile Include="engine\code\iScene\IScene.cpp">
      <Filter>engine\code\iScene</Filter>
    </ClCompile>
    <ClCompile Include="engine\code\input\Input.cpp">
      <Filter>engine\code\input</Filter>
    </ClCompile>
    <ClCompile Include="engine\code\model\ModelManager.cpp">
      <Filter>engine\code\model</Filter>
    </ClCompile>
    <ClCompile Include="engine\code\module\debugger\DebuggerGroup.cpp">
      <Filter>engine\code\module\debugger</Filter>
    </ClCompile>
    <ClCompile Include="engine\code\module\editor\EditorGroup.cpp">
      <Filter>engine\code\module\editor</Filter>
    </ClCompile>
    <ClCompile Include="engine\code\sceneManager\SceneManager.cpp">
      <Filter>engine\code\sceneManager</Filter>
    </ClCompile>
    <ClCompile Include="engine\code\system\ISystem.cpp">
      <Filter>engine\code\system</Filter>
    </ClCompile>
    <ClCompile Include="engine\code\system\collision\CollisionCheckSystem.cpp">
      <Filter>engine\code\system\collision</Filter>
    </ClCompile>
    <ClCompile Include="engine\code\system\effect\EmitterWorkSystem.cpp">
      <Filter>engine\code\system\effect</Filter>
    </ClCompile>
    <ClCompile Include="engine\code\system\movement\MoveSystemByRigidBody.cpp">
      <Filter>engine\code\system\movement</Filter>
    </ClCompile>
    <ClCompile Include="engine\code\system\postRender\GrayscaleEffect.cpp">
      <Filter>engine\code\system\postRender</Filter>
    </ClCompile>
    <ClCompile Include="engine\code\system\render\ColliderRenderingSystem.cpp">
      <Filter>engine\code\system\render</Filter>
    </ClCompile>
    <ClCompile Include="engine\code\system\render\LineRenderSystem.cpp">
      <Filter>engine\code\system\render</Filter>
    </ClCompile>
    <ClCompile Include="engine\code\system\render\ParticleRenderSystem.cpp">
      <Filter>engine\code\system\render</Filter>
    </ClCompile>
    <ClCompile Include="engine\code\system\render\SpriteRenderSystem.cpp">
      <Filter>engine\code\system\render</Filter>
    </ClCompile>
    <ClCompile Include="engine\code\system\render\TexturedMeshRenderSystem.cpp">
      <Filter>engine\code\system\render</Filter>
    </ClCompile>
    <ClCompile Include="engine\code\texture\TextureManager.cpp">
      <Filter>engine\code\texture</Filter>
    </ClCompile>
    <ClCompile Include="lib\Thread\Thread.cpp">
      <Filter>lib\Thread</Filter>
    </ClCompile>
    <ClCompile Include="lib\deltaTime\DeltaTime.cpp">
      <Filter>lib\deltaTime</Filter>
    </ClCompile>
    <ClCompile Include="lib\globalVariables\GlobalVariables.cpp">
      <Filter>lib\globalVariables</Filter>
    </ClCompile>
    <ClCompile Include="lib\imGuiManager\ImGuiManager.cpp">
      <Filter>lib\imGuiManager</Filter>
    </ClCompile>
    <ClCompile Include="lib\logger\Logger.cpp">
      <Filter>lib\logger</Filter>
    </ClCompile>
    <ClCompile Include="lib\myFileSystem\MyFileSystem.cpp">
      <Filter>lib\myFileSystem</Filter>
    </ClCompile>
    <ClCompile Include="lib\node\OperatorNodes.cpp">
      <Filter>lib\node</Filter>
    </ClCompile>
    <ClCompile Include="lib\winApp\WinApp.cpp">
      <Filter>lib\winApp</Filter>
    </ClCompile>
    <ClCompile Include="main.cpp" />
    <ClCompile Include="math\Matrix4x4.cpp">
      <Filter>math</Filter>
    </ClCompile>
    <ClCompile Include="math\MyEasing.cpp">
      <Filter>math</Filter>
    </ClCompile>
    <ClCompile Include="math\Quaternion.cpp">
      <Filter>math</Filter>
    </ClCompile>
    <ClCompile Include="util\ConvertString.cpp">
      <Filter>util</Filter>
    </ClCompile>
    <ClCompile Include="util\timeline\Timeline.cpp" />
    <ClCompile Include="engine\code\component\animation\PrimitiveNodeAnimation.cpp" />
    <ClCompile Include="engine\code\system\effect\PrimitiveNodeAnimationWorkSystem.cpp" />
    <ClCompile Include="engine\code\system\postRender\VignetteEffect.cpp" />
    <ClCompile Include="engine\code\system\postRender\SmoothingEffect.cpp" />
    <ClCompile Include="engine\code\component\animation\ModelNodeAnimation.cpp" />
    <ClCompile Include="engine\code\component\animation\AnimationManager.cpp" />
    <ClCompile Include="lib\myGui\MyGui.cpp" />
  </ItemGroup>
</Project>
